
Microsoft Visual Studio Solution File, Format Version 12.00
# Visual Studio Version 16
VisualStudioVersion = 16.0.28803.156
MinimumVisualStudioVersion = 10.0.40219.1
Project("{9A19103F-16F7-4668-BE54-9A1E7A4F7556}") = "Infusion", "Infusion\Infusion.csproj", "{22E3BD2C-8FFE-4D11-8FD8-7764F40F3324}"
EndProject
Project("{9A19103F-16F7-4668-BE54-9A1E7A4F7556}") = "Infusion.Tests", "Infusion.Tests\Infusion.Tests.csproj", "{F6658DAD-8158-4105-A9F4-AEDF23748FAE}"
EndProject
Project("{9A19103F-16F7-4668-BE54-9A1E7A4F7556}") = "Infusion.Proxy", "Infusion.Proxy\Infusion.Proxy.csproj", "{5E814151-7F4C-4D71-BCB2-97FD303F04A8}"
EndProject
Project("{9A19103F-16F7-4668-BE54-9A1E7A4F7556}") = "Infusion.Proxy.Tests", "Infusion.Proxy.Tests\Infusion.Proxy.Tests.csproj", "{DFCE9C0F-0E66-4637-BAE9-0EE4D652EA19}"
EndProject
Project("{9A19103F-16F7-4668-BE54-9A1E7A4F7556}") = "Ultima", "UltimaSdk\Ultima.csproj", "{5D66ACE6-B2A4-400F-B5A5-24525959AC5C}"
EndProject
Project("{2150E333-8FDC-42A3-9474-1A3956D46DE8}") = "RoslynPad", "RoslynPad", "{3778527A-F81C-47A1-AB4E-456616AB2B12}"
EndProject
Project("{FAE04EC0-301F-11D3-BF4B-00C04F79EFBC}") = "RoslynPad", "RoslynPad\src\RoslynPad\RoslynPad.csproj", "{2F7723C1-297B-416F-9A78-153156D319B9}"
EndProject
Project("{9A19103F-16F7-4668-BE54-9A1E7A4F7556}") = "Infusion.LegacyApi", "Infusion.LegacyApi\Infusion.LegacyApi.csproj", "{28A5CECE-9E74-4524-9DFD-238ED4DF12BA}"
EndProject
Project("{2150E333-8FDC-42A3-9474-1A3956D46DE8}") = "Solution Items", "Solution Items", "{73CDF88F-5A6A-4920-8E5C-BB636DE364A9}"
	ProjectSection(SolutionItems) = preProject
		SharedAssemblyInfo.cs = SharedAssemblyInfo.cs
	EndProjectSection
EndProject
Project("{2150E333-8FDC-42A3-9474-1A3956D46DE8}") = "InjectionScript", "InjectionScript", "{76681392-9D8A-4D2A-861A-45B9E07A22CE}"
EndProject
Project("{9A19103F-16F7-4668-BE54-9A1E7A4F7556}") = "InjectionScript", "InjectionScript\src\InjectionScript\InjectionScript.csproj", "{C076C217-ECB3-4001-A5BA-C0FF2A2B1029}"
EndProject
Project("{9A19103F-16F7-4668-BE54-9A1E7A4F7556}") = "Infusion.Launcher.NetCore", "Infusion.Launcher.NetCore\Infusion.Launcher.NetCore.csproj", "{EB3AFC2D-2EEC-4F6B-9F42-D869F855B1BD}"
EndProject
Project("{9A19103F-16F7-4668-BE54-9A1E7A4F7556}") = "Infusion.Console.Wpf", "Infusion.Console.Wpf\Infusion.Console.Wpf.csproj", "{CEB9DE65-59E5-4186-A11E-E797F86B97B1}"
EndProject
Project("{9A19103F-16F7-4668-BE54-9A1E7A4F7556}") = "RoslynPad.Common", "RoslynPad\src\RoslynPad.Common\RoslynPad.Common.csproj", "{4C408C43-C59F-4BA4-B043-01CE099FDDD3}"
EndProject
Project("{9A19103F-16F7-4668-BE54-9A1E7A4F7556}") = "RoslynPad.Roslyn", "RoslynPad\src\RoslynPad.Roslyn\RoslynPad.Roslyn.csproj", "{B606A233-739B-4807-B832-71D5F6AD1B00}"
EndProject
Project("{9A19103F-16F7-4668-BE54-9A1E7A4F7556}") = "RoslynPad.Common.UI", "RoslynPad\src\RoslynPad.Common.UI\RoslynPad.Common.UI.csproj", "{B0C4B809-2332-4FCC-AD57-65F188A0E195}"
EndProject
Project("{9A19103F-16F7-4668-BE54-9A1E7A4F7556}") = "RoslynPad.Editor.Windows", "RoslynPad\src\RoslynPad.Editor.Windows\RoslynPad.Editor.Windows.csproj", "{BC3C0E60-9524-46A3-9588-C4BFF8E03C74}"
EndProject
Project("{9A19103F-16F7-4668-BE54-9A1E7A4F7556}") = "RoslynPad.Roslyn.Windows", "RoslynPad\src\RoslynPad.Roslyn.Windows\RoslynPad.Roslyn.Windows.csproj", "{9581F6DB-D466-4C07-980E-E3408B6C3D25}"
EndProject
Project("{D954291E-2A0B-460D-934E-DC6B0785DB48}") = "RoslynPad.Editor.Shared", "RoslynPad\src\RoslynPad.Editor.Shared\RoslynPad.Editor.Shared.shproj", "{7FB0604B-44CD-4DB1-99C5-E89EA6C20AEC}"
EndProject
Project("{9A19103F-16F7-4668-BE54-9A1E7A4F7556}") = "RoslynPad.Hosting", "RoslynPad\src\RoslynPad.Hosting\RoslynPad.Hosting.csproj", "{C3B9CCDD-01F1-467B-8C98-7A338F9570C5}"
EndProject
Project("{9A19103F-16F7-4668-BE54-9A1E7A4F7556}") = "InjectionScript.Tests", "InjectionScript\src\InjectionScript.Tests\InjectionScript.Tests.csproj", "{41FD3B66-5E36-43DB-85AA-BD04F41D1097}"
EndProject
Project("{9A19103F-16F7-4668-BE54-9A1E7A4F7556}") = "InjectionScript.Cli", "InjectionScript\src\InjectionScript.Cli\InjectionScript.Cli.csproj", "{388FF0A8-ACB4-4E6C-B975-7270ED9EAC9E}"
EndProject
Project("{9A19103F-16F7-4668-BE54-9A1E7A4F7556}") = "Infusion.Desktop.Tests", "Infusion.Desktop.Tests\Infusion.Desktop.Tests.csproj", "{25DEA130-DFF6-4C54-9A40-2C911645E607}"
EndProject
Project("{9A19103F-16F7-4668-BE54-9A1E7A4F7556}") = "Infusion.LegacyApi.Tests", "Infusion.LegacyApi.Tests\Infusion.LegacyApi.Tests.csproj", "{A71CBC50-2159-481F-BDB4-7AE925D1BDE4}"
EndProject
Project("{9A19103F-16F7-4668-BE54-9A1E7A4F7556}") = "Infusion.LegacyApi.Benchmarks", "Infusion.LegacyApi.Benchmarks\Infusion.LegacyApi.Benchmarks.csproj", "{FD8EE9E0-B281-4D9E-B75B-02BE67EB1F66}"
EndProject
Project("{9A19103F-16F7-4668-BE54-9A1E7A4F7556}") = "Infusion.StartShortcut.Win", "Infusion.StartShortcut.Win\Infusion.StartShortcut.Win.csproj", "{AA7C0911-5245-4B62-A72C-C854708A5FAB}"
EndProject
Project("{9A19103F-16F7-4668-BE54-9A1E7A4F7556}") = "Infusion.Injection.Avalonia", "Infusion.Injection.Avalonia\Infusion.Injection.Avalonia.csproj", "{CB063EE7-E421-4502-B075-D1D4BED7CBA4}"
EndProject
Project("{9A19103F-16F7-4668-BE54-9A1E7A4F7556}") = "Infusion.Injection.Avalonia.TestApp", "Infusion.Injection.Avalonia.TestApp\Infusion.Injection.Avalonia.TestApp.csproj", "{CDD759B4-934F-4109-95A0-E05437DFBC9A}"
EndProject
Project("{9A19103F-16F7-4668-BE54-9A1E7A4F7556}") = "Infusion.Launcher.Avalonia", "Infusion.Launcher.Avalonia\Infusion.Launcher.Avalonia.csproj", "{775361D7-0545-4FEC-BDF0-604031FA94CB}"
EndProject
Project("{9A19103F-16F7-4668-BE54-9A1E7A4F7556}") = "Infusion.Avalonia.Common", "Infusion.Avalonia.Common\Infusion.Avalonia.Common.csproj", "{16B6BDFD-263A-4B5E-AA6B-CBF0C227717B}"
EndProject
Global
	GlobalSection(SharedMSBuildProjectFiles) = preSolution
		RoslynPad\src\RoslynPad.Editor.Shared\RoslynPad.Editor.Shared.projitems*{7fb0604b-44cd-4db1-99c5-e89ea6c20aec}*SharedItemsImports = 13
	EndGlobalSection
	GlobalSection(SolutionConfigurationPlatforms) = preSolution
		Debug|Any CPU = Debug|Any CPU
		Debug|x64 = Debug|x64
		Debug|x86 = Debug|x86
		Release|Any CPU = Release|Any CPU
		Release|x64 = Release|x64
		Release|x86 = Release|x86
	EndGlobalSection
	GlobalSection(ProjectConfigurationPlatforms) = postSolution
		{22E3BD2C-8FFE-4D11-8FD8-7764F40F3324}.Debug|Any CPU.ActiveCfg = Debug|Any CPU
		{22E3BD2C-8FFE-4D11-8FD8-7764F40F3324}.Debug|Any CPU.Build.0 = Debug|Any CPU
		{22E3BD2C-8FFE-4D11-8FD8-7764F40F3324}.Debug|x64.ActiveCfg = Debug|Any CPU
		{22E3BD2C-8FFE-4D11-8FD8-7764F40F3324}.Debug|x64.Build.0 = Debug|Any CPU
		{22E3BD2C-8FFE-4D11-8FD8-7764F40F3324}.Debug|x86.ActiveCfg = Debug|Any CPU
		{22E3BD2C-8FFE-4D11-8FD8-7764F40F3324}.Debug|x86.Build.0 = Debug|Any CPU
		{22E3BD2C-8FFE-4D11-8FD8-7764F40F3324}.Release|Any CPU.ActiveCfg = Release|Any CPU
		{22E3BD2C-8FFE-4D11-8FD8-7764F40F3324}.Release|Any CPU.Build.0 = Release|Any CPU
		{22E3BD2C-8FFE-4D11-8FD8-7764F40F3324}.Release|x64.ActiveCfg = Release|Any CPU
		{22E3BD2C-8FFE-4D11-8FD8-7764F40F3324}.Release|x64.Build.0 = Release|Any CPU
		{22E3BD2C-8FFE-4D11-8FD8-7764F40F3324}.Release|x86.ActiveCfg = Release|Any CPU
		{22E3BD2C-8FFE-4D11-8FD8-7764F40F3324}.Release|x86.Build.0 = Release|Any CPU
		{F6658DAD-8158-4105-A9F4-AEDF23748FAE}.Debug|Any CPU.ActiveCfg = Debug|Any CPU
		{F6658DAD-8158-4105-A9F4-AEDF23748FAE}.Debug|Any CPU.Build.0 = Debug|Any CPU
		{F6658DAD-8158-4105-A9F4-AEDF23748FAE}.Debug|x64.ActiveCfg = Debug|Any CPU
		{F6658DAD-8158-4105-A9F4-AEDF23748FAE}.Debug|x64.Build.0 = Debug|Any CPU
		{F6658DAD-8158-4105-A9F4-AEDF23748FAE}.Debug|x86.ActiveCfg = Debug|Any CPU
		{F6658DAD-8158-4105-A9F4-AEDF23748FAE}.Debug|x86.Build.0 = Debug|Any CPU
		{F6658DAD-8158-4105-A9F4-AEDF23748FAE}.Release|Any CPU.ActiveCfg = Release|Any CPU
		{F6658DAD-8158-4105-A9F4-AEDF23748FAE}.Release|Any CPU.Build.0 = Release|Any CPU
		{F6658DAD-8158-4105-A9F4-AEDF23748FAE}.Release|x64.ActiveCfg = Release|Any CPU
		{F6658DAD-8158-4105-A9F4-AEDF23748FAE}.Release|x64.Build.0 = Release|Any CPU
		{F6658DAD-8158-4105-A9F4-AEDF23748FAE}.Release|x86.ActiveCfg = Release|Any CPU
		{F6658DAD-8158-4105-A9F4-AEDF23748FAE}.Release|x86.Build.0 = Release|Any CPU
		{5E814151-7F4C-4D71-BCB2-97FD303F04A8}.Debug|Any CPU.ActiveCfg = Debug|Any CPU
		{5E814151-7F4C-4D71-BCB2-97FD303F04A8}.Debug|Any CPU.Build.0 = Debug|Any CPU
		{5E814151-7F4C-4D71-BCB2-97FD303F04A8}.Debug|x64.ActiveCfg = Debug|Any CPU
		{5E814151-7F4C-4D71-BCB2-97FD303F04A8}.Debug|x64.Build.0 = Debug|Any CPU
		{5E814151-7F4C-4D71-BCB2-97FD303F04A8}.Debug|x86.ActiveCfg = Debug|Any CPU
		{5E814151-7F4C-4D71-BCB2-97FD303F04A8}.Debug|x86.Build.0 = Debug|Any CPU
		{5E814151-7F4C-4D71-BCB2-97FD303F04A8}.Release|Any CPU.ActiveCfg = Release|Any CPU
		{5E814151-7F4C-4D71-BCB2-97FD303F04A8}.Release|Any CPU.Build.0 = Release|Any CPU
		{5E814151-7F4C-4D71-BCB2-97FD303F04A8}.Release|x64.ActiveCfg = Release|Any CPU
		{5E814151-7F4C-4D71-BCB2-97FD303F04A8}.Release|x64.Build.0 = Release|Any CPU
		{5E814151-7F4C-4D71-BCB2-97FD303F04A8}.Release|x86.ActiveCfg = Release|Any CPU
		{5E814151-7F4C-4D71-BCB2-97FD303F04A8}.Release|x86.Build.0 = Release|Any CPU
		{DFCE9C0F-0E66-4637-BAE9-0EE4D652EA19}.Debug|Any CPU.ActiveCfg = Debug|Any CPU
		{DFCE9C0F-0E66-4637-BAE9-0EE4D652EA19}.Debug|Any CPU.Build.0 = Debug|Any CPU
		{DFCE9C0F-0E66-4637-BAE9-0EE4D652EA19}.Debug|x64.ActiveCfg = Debug|Any CPU
		{DFCE9C0F-0E66-4637-BAE9-0EE4D652EA19}.Debug|x64.Build.0 = Debug|Any CPU
		{DFCE9C0F-0E66-4637-BAE9-0EE4D652EA19}.Debug|x86.ActiveCfg = Debug|Any CPU
		{DFCE9C0F-0E66-4637-BAE9-0EE4D652EA19}.Debug|x86.Build.0 = Debug|Any CPU
		{DFCE9C0F-0E66-4637-BAE9-0EE4D652EA19}.Release|Any CPU.ActiveCfg = Release|Any CPU
		{DFCE9C0F-0E66-4637-BAE9-0EE4D652EA19}.Release|Any CPU.Build.0 = Release|Any CPU
		{DFCE9C0F-0E66-4637-BAE9-0EE4D652EA19}.Release|x64.ActiveCfg = Release|Any CPU
		{DFCE9C0F-0E66-4637-BAE9-0EE4D652EA19}.Release|x64.Build.0 = Release|Any CPU
		{DFCE9C0F-0E66-4637-BAE9-0EE4D652EA19}.Release|x86.ActiveCfg = Release|Any CPU
		{DFCE9C0F-0E66-4637-BAE9-0EE4D652EA19}.Release|x86.Build.0 = Release|Any CPU
		{5D66ACE6-B2A4-400F-B5A5-24525959AC5C}.Debug|Any CPU.ActiveCfg = Debug|Any CPU
		{5D66ACE6-B2A4-400F-B5A5-24525959AC5C}.Debug|Any CPU.Build.0 = Debug|Any CPU
		{5D66ACE6-B2A4-400F-B5A5-24525959AC5C}.Debug|x64.ActiveCfg = Debug|Any CPU
		{5D66ACE6-B2A4-400F-B5A5-24525959AC5C}.Debug|x64.Build.0 = Debug|Any CPU
		{5D66ACE6-B2A4-400F-B5A5-24525959AC5C}.Debug|x86.ActiveCfg = Debug|Any CPU
		{5D66ACE6-B2A4-400F-B5A5-24525959AC5C}.Debug|x86.Build.0 = Debug|Any CPU
		{5D66ACE6-B2A4-400F-B5A5-24525959AC5C}.Release|Any CPU.ActiveCfg = Release|Any CPU
		{5D66ACE6-B2A4-400F-B5A5-24525959AC5C}.Release|Any CPU.Build.0 = Release|Any CPU
		{5D66ACE6-B2A4-400F-B5A5-24525959AC5C}.Release|x64.ActiveCfg = Release|Any CPU
		{5D66ACE6-B2A4-400F-B5A5-24525959AC5C}.Release|x64.Build.0 = Release|Any CPU
		{5D66ACE6-B2A4-400F-B5A5-24525959AC5C}.Release|x86.ActiveCfg = Release|Any CPU
		{5D66ACE6-B2A4-400F-B5A5-24525959AC5C}.Release|x86.Build.0 = Release|Any CPU
		{2F7723C1-297B-416F-9A78-153156D319B9}.Debug|Any CPU.ActiveCfg = Debug|Any CPU
		{2F7723C1-297B-416F-9A78-153156D319B9}.Debug|Any CPU.Build.0 = Debug|Any CPU
		{2F7723C1-297B-416F-9A78-153156D319B9}.Debug|x64.ActiveCfg = Debug|Any CPU
		{2F7723C1-297B-416F-9A78-153156D319B9}.Debug|x64.Build.0 = Debug|Any CPU
		{2F7723C1-297B-416F-9A78-153156D319B9}.Debug|x86.ActiveCfg = Debug|Any CPU
		{2F7723C1-297B-416F-9A78-153156D319B9}.Debug|x86.Build.0 = Debug|Any CPU
		{2F7723C1-297B-416F-9A78-153156D319B9}.Release|Any CPU.ActiveCfg = Release|Any CPU
		{2F7723C1-297B-416F-9A78-153156D319B9}.Release|Any CPU.Build.0 = Release|Any CPU
		{2F7723C1-297B-416F-9A78-153156D319B9}.Release|x64.ActiveCfg = Release|Any CPU
		{2F7723C1-297B-416F-9A78-153156D319B9}.Release|x64.Build.0 = Release|Any CPU
		{2F7723C1-297B-416F-9A78-153156D319B9}.Release|x86.ActiveCfg = Release|Any CPU
		{2F7723C1-297B-416F-9A78-153156D319B9}.Release|x86.Build.0 = Release|Any CPU
		{28A5CECE-9E74-4524-9DFD-238ED4DF12BA}.Debug|Any CPU.ActiveCfg = Debug|Any CPU
		{28A5CECE-9E74-4524-9DFD-238ED4DF12BA}.Debug|Any CPU.Build.0 = Debug|Any CPU
		{28A5CECE-9E74-4524-9DFD-238ED4DF12BA}.Debug|x64.ActiveCfg = Debug|Any CPU
		{28A5CECE-9E74-4524-9DFD-238ED4DF12BA}.Debug|x64.Build.0 = Debug|Any CPU
		{28A5CECE-9E74-4524-9DFD-238ED4DF12BA}.Debug|x86.ActiveCfg = Debug|Any CPU
		{28A5CECE-9E74-4524-9DFD-238ED4DF12BA}.Debug|x86.Build.0 = Debug|Any CPU
		{28A5CECE-9E74-4524-9DFD-238ED4DF12BA}.Release|Any CPU.ActiveCfg = Release|Any CPU
		{28A5CECE-9E74-4524-9DFD-238ED4DF12BA}.Release|Any CPU.Build.0 = Release|Any CPU
		{28A5CECE-9E74-4524-9DFD-238ED4DF12BA}.Release|x64.ActiveCfg = Release|Any CPU
		{28A5CECE-9E74-4524-9DFD-238ED4DF12BA}.Release|x64.Build.0 = Release|Any CPU
		{28A5CECE-9E74-4524-9DFD-238ED4DF12BA}.Release|x86.ActiveCfg = Release|Any CPU
		{28A5CECE-9E74-4524-9DFD-238ED4DF12BA}.Release|x86.Build.0 = Release|Any CPU
		{C076C217-ECB3-4001-A5BA-C0FF2A2B1029}.Debug|Any CPU.ActiveCfg = Debug|Any CPU
		{C076C217-ECB3-4001-A5BA-C0FF2A2B1029}.Debug|Any CPU.Build.0 = Debug|Any CPU
		{C076C217-ECB3-4001-A5BA-C0FF2A2B1029}.Debug|x64.ActiveCfg = Debug|Any CPU
		{C076C217-ECB3-4001-A5BA-C0FF2A2B1029}.Debug|x64.Build.0 = Debug|Any CPU
		{C076C217-ECB3-4001-A5BA-C0FF2A2B1029}.Debug|x86.ActiveCfg = Debug|Any CPU
		{C076C217-ECB3-4001-A5BA-C0FF2A2B1029}.Debug|x86.Build.0 = Debug|Any CPU
		{C076C217-ECB3-4001-A5BA-C0FF2A2B1029}.Release|Any CPU.ActiveCfg = Release|Any CPU
		{C076C217-ECB3-4001-A5BA-C0FF2A2B1029}.Release|Any CPU.Build.0 = Release|Any CPU
		{C076C217-ECB3-4001-A5BA-C0FF2A2B1029}.Release|x64.ActiveCfg = Release|Any CPU
		{C076C217-ECB3-4001-A5BA-C0FF2A2B1029}.Release|x64.Build.0 = Release|Any CPU
		{C076C217-ECB3-4001-A5BA-C0FF2A2B1029}.Release|x86.ActiveCfg = Release|Any CPU
		{C076C217-ECB3-4001-A5BA-C0FF2A2B1029}.Release|x86.Build.0 = Release|Any CPU
		{EB3AFC2D-2EEC-4F6B-9F42-D869F855B1BD}.Debug|Any CPU.ActiveCfg = Debug|Any CPU
		{EB3AFC2D-2EEC-4F6B-9F42-D869F855B1BD}.Debug|Any CPU.Build.0 = Debug|Any CPU
		{EB3AFC2D-2EEC-4F6B-9F42-D869F855B1BD}.Debug|x64.ActiveCfg = Debug|Any CPU
		{EB3AFC2D-2EEC-4F6B-9F42-D869F855B1BD}.Debug|x64.Build.0 = Debug|Any CPU
		{EB3AFC2D-2EEC-4F6B-9F42-D869F855B1BD}.Debug|x86.ActiveCfg = Debug|Any CPU
		{EB3AFC2D-2EEC-4F6B-9F42-D869F855B1BD}.Debug|x86.Build.0 = Debug|Any CPU
		{EB3AFC2D-2EEC-4F6B-9F42-D869F855B1BD}.Release|Any CPU.ActiveCfg = Release|Any CPU
		{EB3AFC2D-2EEC-4F6B-9F42-D869F855B1BD}.Release|Any CPU.Build.0 = Release|Any CPU
		{EB3AFC2D-2EEC-4F6B-9F42-D869F855B1BD}.Release|x64.ActiveCfg = Release|Any CPU
		{EB3AFC2D-2EEC-4F6B-9F42-D869F855B1BD}.Release|x64.Build.0 = Release|Any CPU
		{EB3AFC2D-2EEC-4F6B-9F42-D869F855B1BD}.Release|x86.ActiveCfg = Release|Any CPU
		{EB3AFC2D-2EEC-4F6B-9F42-D869F855B1BD}.Release|x86.Build.0 = Release|Any CPU
		{CEB9DE65-59E5-4186-A11E-E797F86B97B1}.Debug|Any CPU.ActiveCfg = Debug|Any CPU
		{CEB9DE65-59E5-4186-A11E-E797F86B97B1}.Debug|Any CPU.Build.0 = Debug|Any CPU
		{CEB9DE65-59E5-4186-A11E-E797F86B97B1}.Debug|x64.ActiveCfg = Debug|Any CPU
		{CEB9DE65-59E5-4186-A11E-E797F86B97B1}.Debug|x64.Build.0 = Debug|Any CPU
		{CEB9DE65-59E5-4186-A11E-E797F86B97B1}.Debug|x86.ActiveCfg = Debug|Any CPU
		{CEB9DE65-59E5-4186-A11E-E797F86B97B1}.Debug|x86.Build.0 = Debug|Any CPU
		{CEB9DE65-59E5-4186-A11E-E797F86B97B1}.Release|Any CPU.ActiveCfg = Release|Any CPU
		{CEB9DE65-59E5-4186-A11E-E797F86B97B1}.Release|Any CPU.Build.0 = Release|Any CPU
		{CEB9DE65-59E5-4186-A11E-E797F86B97B1}.Release|x64.ActiveCfg = Release|Any CPU
		{CEB9DE65-59E5-4186-A11E-E797F86B97B1}.Release|x64.Build.0 = Release|Any CPU
		{CEB9DE65-59E5-4186-A11E-E797F86B97B1}.Release|x86.ActiveCfg = Release|Any CPU
		{CEB9DE65-59E5-4186-A11E-E797F86B97B1}.Release|x86.Build.0 = Release|Any CPU
		{4C408C43-C59F-4BA4-B043-01CE099FDDD3}.Debug|Any CPU.ActiveCfg = Debug|Any CPU
		{4C408C43-C59F-4BA4-B043-01CE099FDDD3}.Debug|Any CPU.Build.0 = Debug|Any CPU
		{4C408C43-C59F-4BA4-B043-01CE099FDDD3}.Debug|x64.ActiveCfg = Debug|Any CPU
		{4C408C43-C59F-4BA4-B043-01CE099FDDD3}.Debug|x64.Build.0 = Debug|Any CPU
		{4C408C43-C59F-4BA4-B043-01CE099FDDD3}.Debug|x86.ActiveCfg = Debug|Any CPU
		{4C408C43-C59F-4BA4-B043-01CE099FDDD3}.Debug|x86.Build.0 = Debug|Any CPU
		{4C408C43-C59F-4BA4-B043-01CE099FDDD3}.Release|Any CPU.ActiveCfg = Release|Any CPU
		{4C408C43-C59F-4BA4-B043-01CE099FDDD3}.Release|Any CPU.Build.0 = Release|Any CPU
		{4C408C43-C59F-4BA4-B043-01CE099FDDD3}.Release|x64.ActiveCfg = Release|Any CPU
		{4C408C43-C59F-4BA4-B043-01CE099FDDD3}.Release|x64.Build.0 = Release|Any CPU
		{4C408C43-C59F-4BA4-B043-01CE099FDDD3}.Release|x86.ActiveCfg = Release|Any CPU
		{4C408C43-C59F-4BA4-B043-01CE099FDDD3}.Release|x86.Build.0 = Release|Any CPU
		{B606A233-739B-4807-B832-71D5F6AD1B00}.Debug|Any CPU.ActiveCfg = Debug|Any CPU
		{B606A233-739B-4807-B832-71D5F6AD1B00}.Debug|Any CPU.Build.0 = Debug|Any CPU
		{B606A233-739B-4807-B832-71D5F6AD1B00}.Debug|x64.ActiveCfg = Debug|Any CPU
		{B606A233-739B-4807-B832-71D5F6AD1B00}.Debug|x64.Build.0 = Debug|Any CPU
		{B606A233-739B-4807-B832-71D5F6AD1B00}.Debug|x86.ActiveCfg = Debug|Any CPU
		{B606A233-739B-4807-B832-71D5F6AD1B00}.Debug|x86.Build.0 = Debug|Any CPU
		{B606A233-739B-4807-B832-71D5F6AD1B00}.Release|Any CPU.ActiveCfg = Release|Any CPU
		{B606A233-739B-4807-B832-71D5F6AD1B00}.Release|Any CPU.Build.0 = Release|Any CPU
		{B606A233-739B-4807-B832-71D5F6AD1B00}.Release|x64.ActiveCfg = Release|Any CPU
		{B606A233-739B-4807-B832-71D5F6AD1B00}.Release|x64.Build.0 = Release|Any CPU
		{B606A233-739B-4807-B832-71D5F6AD1B00}.Release|x86.ActiveCfg = Release|Any CPU
		{B606A233-739B-4807-B832-71D5F6AD1B00}.Release|x86.Build.0 = Release|Any CPU
		{B0C4B809-2332-4FCC-AD57-65F188A0E195}.Debug|Any CPU.ActiveCfg = Debug|Any CPU
		{B0C4B809-2332-4FCC-AD57-65F188A0E195}.Debug|Any CPU.Build.0 = Debug|Any CPU
		{B0C4B809-2332-4FCC-AD57-65F188A0E195}.Debug|x64.ActiveCfg = Debug|Any CPU
		{B0C4B809-2332-4FCC-AD57-65F188A0E195}.Debug|x64.Build.0 = Debug|Any CPU
		{B0C4B809-2332-4FCC-AD57-65F188A0E195}.Debug|x86.ActiveCfg = Debug|Any CPU
		{B0C4B809-2332-4FCC-AD57-65F188A0E195}.Debug|x86.Build.0 = Debug|Any CPU
		{B0C4B809-2332-4FCC-AD57-65F188A0E195}.Release|Any CPU.ActiveCfg = Release|Any CPU
		{B0C4B809-2332-4FCC-AD57-65F188A0E195}.Release|Any CPU.Build.0 = Release|Any CPU
		{B0C4B809-2332-4FCC-AD57-65F188A0E195}.Release|x64.ActiveCfg = Release|Any CPU
		{B0C4B809-2332-4FCC-AD57-65F188A0E195}.Release|x64.Build.0 = Release|Any CPU
		{B0C4B809-2332-4FCC-AD57-65F188A0E195}.Release|x86.ActiveCfg = Release|Any CPU
		{B0C4B809-2332-4FCC-AD57-65F188A0E195}.Release|x86.Build.0 = Release|Any CPU
		{BC3C0E60-9524-46A3-9588-C4BFF8E03C74}.Debug|Any CPU.ActiveCfg = Debug|Any CPU
		{BC3C0E60-9524-46A3-9588-C4BFF8E03C74}.Debug|Any CPU.Build.0 = Debug|Any CPU
		{BC3C0E60-9524-46A3-9588-C4BFF8E03C74}.Debug|x64.ActiveCfg = Debug|Any CPU
		{BC3C0E60-9524-46A3-9588-C4BFF8E03C74}.Debug|x64.Build.0 = Debug|Any CPU
		{BC3C0E60-9524-46A3-9588-C4BFF8E03C74}.Debug|x86.ActiveCfg = Debug|Any CPU
		{BC3C0E60-9524-46A3-9588-C4BFF8E03C74}.Debug|x86.Build.0 = Debug|Any CPU
		{BC3C0E60-9524-46A3-9588-C4BFF8E03C74}.Release|Any CPU.ActiveCfg = Release|Any CPU
		{BC3C0E60-9524-46A3-9588-C4BFF8E03C74}.Release|Any CPU.Build.0 = Release|Any CPU
		{BC3C0E60-9524-46A3-9588-C4BFF8E03C74}.Release|x64.ActiveCfg = Release|Any CPU
		{BC3C0E60-9524-46A3-9588-C4BFF8E03C74}.Release|x64.Build.0 = Release|Any CPU
		{BC3C0E60-9524-46A3-9588-C4BFF8E03C74}.Release|x86.ActiveCfg = Release|Any CPU
		{BC3C0E60-9524-46A3-9588-C4BFF8E03C74}.Release|x86.Build.0 = Release|Any CPU
		{9581F6DB-D466-4C07-980E-E3408B6C3D25}.Debug|Any CPU.ActiveCfg = Debug|Any CPU
		{9581F6DB-D466-4C07-980E-E3408B6C3D25}.Debug|Any CPU.Build.0 = Debug|Any CPU
		{9581F6DB-D466-4C07-980E-E3408B6C3D25}.Debug|x64.ActiveCfg = Debug|Any CPU
		{9581F6DB-D466-4C07-980E-E3408B6C3D25}.Debug|x64.Build.0 = Debug|Any CPU
		{9581F6DB-D466-4C07-980E-E3408B6C3D25}.Debug|x86.ActiveCfg = Debug|Any CPU
		{9581F6DB-D466-4C07-980E-E3408B6C3D25}.Debug|x86.Build.0 = Debug|Any CPU
		{9581F6DB-D466-4C07-980E-E3408B6C3D25}.Release|Any CPU.ActiveCfg = Release|Any CPU
		{9581F6DB-D466-4C07-980E-E3408B6C3D25}.Release|Any CPU.Build.0 = Release|Any CPU
		{9581F6DB-D466-4C07-980E-E3408B6C3D25}.Release|x64.ActiveCfg = Release|Any CPU
		{9581F6DB-D466-4C07-980E-E3408B6C3D25}.Release|x64.Build.0 = Release|Any CPU
		{9581F6DB-D466-4C07-980E-E3408B6C3D25}.Release|x86.ActiveCfg = Release|Any CPU
		{9581F6DB-D466-4C07-980E-E3408B6C3D25}.Release|x86.Build.0 = Release|Any CPU
		{C3B9CCDD-01F1-467B-8C98-7A338F9570C5}.Debug|Any CPU.ActiveCfg = Debug|Any CPU
		{C3B9CCDD-01F1-467B-8C98-7A338F9570C5}.Debug|Any CPU.Build.0 = Debug|Any CPU
		{C3B9CCDD-01F1-467B-8C98-7A338F9570C5}.Debug|x64.ActiveCfg = Debug|Any CPU
		{C3B9CCDD-01F1-467B-8C98-7A338F9570C5}.Debug|x64.Build.0 = Debug|Any CPU
		{C3B9CCDD-01F1-467B-8C98-7A338F9570C5}.Debug|x86.ActiveCfg = Debug|Any CPU
		{C3B9CCDD-01F1-467B-8C98-7A338F9570C5}.Debug|x86.Build.0 = Debug|Any CPU
		{C3B9CCDD-01F1-467B-8C98-7A338F9570C5}.Release|Any CPU.ActiveCfg = Release|Any CPU
		{C3B9CCDD-01F1-467B-8C98-7A338F9570C5}.Release|Any CPU.Build.0 = Release|Any CPU
		{C3B9CCDD-01F1-467B-8C98-7A338F9570C5}.Release|x64.ActiveCfg = Release|Any CPU
		{C3B9CCDD-01F1-467B-8C98-7A338F9570C5}.Release|x64.Build.0 = Release|Any CPU
		{C3B9CCDD-01F1-467B-8C98-7A338F9570C5}.Release|x86.ActiveCfg = Release|Any CPU
		{C3B9CCDD-01F1-467B-8C98-7A338F9570C5}.Release|x86.Build.0 = Release|Any CPU
		{41FD3B66-5E36-43DB-85AA-BD04F41D1097}.Debug|Any CPU.ActiveCfg = Debug|Any CPU
		{41FD3B66-5E36-43DB-85AA-BD04F41D1097}.Debug|Any CPU.Build.0 = Debug|Any CPU
		{41FD3B66-5E36-43DB-85AA-BD04F41D1097}.Debug|x64.ActiveCfg = Debug|Any CPU
		{41FD3B66-5E36-43DB-85AA-BD04F41D1097}.Debug|x64.Build.0 = Debug|Any CPU
		{41FD3B66-5E36-43DB-85AA-BD04F41D1097}.Debug|x86.ActiveCfg = Debug|Any CPU
		{41FD3B66-5E36-43DB-85AA-BD04F41D1097}.Debug|x86.Build.0 = Debug|Any CPU
		{41FD3B66-5E36-43DB-85AA-BD04F41D1097}.Release|Any CPU.ActiveCfg = Release|Any CPU
		{41FD3B66-5E36-43DB-85AA-BD04F41D1097}.Release|Any CPU.Build.0 = Release|Any CPU
		{41FD3B66-5E36-43DB-85AA-BD04F41D1097}.Release|x64.ActiveCfg = Release|Any CPU
		{41FD3B66-5E36-43DB-85AA-BD04F41D1097}.Release|x64.Build.0 = Release|Any CPU
		{41FD3B66-5E36-43DB-85AA-BD04F41D1097}.Release|x86.ActiveCfg = Release|Any CPU
		{41FD3B66-5E36-43DB-85AA-BD04F41D1097}.Release|x86.Build.0 = Release|Any CPU
		{388FF0A8-ACB4-4E6C-B975-7270ED9EAC9E}.Debug|Any CPU.ActiveCfg = Debug|Any CPU
		{388FF0A8-ACB4-4E6C-B975-7270ED9EAC9E}.Debug|Any CPU.Build.0 = Debug|Any CPU
		{388FF0A8-ACB4-4E6C-B975-7270ED9EAC9E}.Debug|x64.ActiveCfg = Debug|Any CPU
		{388FF0A8-ACB4-4E6C-B975-7270ED9EAC9E}.Debug|x64.Build.0 = Debug|Any CPU
		{388FF0A8-ACB4-4E6C-B975-7270ED9EAC9E}.Debug|x86.ActiveCfg = Debug|Any CPU
		{388FF0A8-ACB4-4E6C-B975-7270ED9EAC9E}.Debug|x86.Build.0 = Debug|Any CPU
		{388FF0A8-ACB4-4E6C-B975-7270ED9EAC9E}.Release|Any CPU.ActiveCfg = Release|Any CPU
		{388FF0A8-ACB4-4E6C-B975-7270ED9EAC9E}.Release|Any CPU.Build.0 = Release|Any CPU
		{388FF0A8-ACB4-4E6C-B975-7270ED9EAC9E}.Release|x64.ActiveCfg = Release|Any CPU
		{388FF0A8-ACB4-4E6C-B975-7270ED9EAC9E}.Release|x64.Build.0 = Release|Any CPU
		{388FF0A8-ACB4-4E6C-B975-7270ED9EAC9E}.Release|x86.ActiveCfg = Release|Any CPU
		{388FF0A8-ACB4-4E6C-B975-7270ED9EAC9E}.Release|x86.Build.0 = Release|Any CPU
		{25DEA130-DFF6-4C54-9A40-2C911645E607}.Debug|Any CPU.ActiveCfg = Debug|Any CPU
		{25DEA130-DFF6-4C54-9A40-2C911645E607}.Debug|Any CPU.Build.0 = Debug|Any CPU
		{25DEA130-DFF6-4C54-9A40-2C911645E607}.Debug|x64.ActiveCfg = Debug|Any CPU
		{25DEA130-DFF6-4C54-9A40-2C911645E607}.Debug|x64.Build.0 = Debug|Any CPU
		{25DEA130-DFF6-4C54-9A40-2C911645E607}.Debug|x86.ActiveCfg = Debug|Any CPU
		{25DEA130-DFF6-4C54-9A40-2C911645E607}.Debug|x86.Build.0 = Debug|Any CPU
		{25DEA130-DFF6-4C54-9A40-2C911645E607}.Release|Any CPU.ActiveCfg = Release|Any CPU
		{25DEA130-DFF6-4C54-9A40-2C911645E607}.Release|Any CPU.Build.0 = Release|Any CPU
		{25DEA130-DFF6-4C54-9A40-2C911645E607}.Release|x64.ActiveCfg = Release|Any CPU
		{25DEA130-DFF6-4C54-9A40-2C911645E607}.Release|x64.Build.0 = Release|Any CPU
		{25DEA130-DFF6-4C54-9A40-2C911645E607}.Release|x86.ActiveCfg = Release|Any CPU
		{25DEA130-DFF6-4C54-9A40-2C911645E607}.Release|x86.Build.0 = Release|Any CPU
		{A71CBC50-2159-481F-BDB4-7AE925D1BDE4}.Debug|Any CPU.ActiveCfg = Debug|Any CPU
		{A71CBC50-2159-481F-BDB4-7AE925D1BDE4}.Debug|Any CPU.Build.0 = Debug|Any CPU
		{A71CBC50-2159-481F-BDB4-7AE925D1BDE4}.Debug|x64.ActiveCfg = Debug|Any CPU
		{A71CBC50-2159-481F-BDB4-7AE925D1BDE4}.Debug|x64.Build.0 = Debug|Any CPU
		{A71CBC50-2159-481F-BDB4-7AE925D1BDE4}.Debug|x86.ActiveCfg = Debug|Any CPU
		{A71CBC50-2159-481F-BDB4-7AE925D1BDE4}.Debug|x86.Build.0 = Debug|Any CPU
		{A71CBC50-2159-481F-BDB4-7AE925D1BDE4}.Release|Any CPU.ActiveCfg = Release|Any CPU
		{A71CBC50-2159-481F-BDB4-7AE925D1BDE4}.Release|Any CPU.Build.0 = Release|Any CPU
		{A71CBC50-2159-481F-BDB4-7AE925D1BDE4}.Release|x64.ActiveCfg = Release|Any CPU
		{A71CBC50-2159-481F-BDB4-7AE925D1BDE4}.Release|x64.Build.0 = Release|Any CPU
		{A71CBC50-2159-481F-BDB4-7AE925D1BDE4}.Release|x86.ActiveCfg = Release|Any CPU
		{A71CBC50-2159-481F-BDB4-7AE925D1BDE4}.Release|x86.Build.0 = Release|Any CPU
		{FD8EE9E0-B281-4D9E-B75B-02BE67EB1F66}.Debug|Any CPU.ActiveCfg = Debug|Any CPU
		{FD8EE9E0-B281-4D9E-B75B-02BE67EB1F66}.Debug|Any CPU.Build.0 = Debug|Any CPU
		{FD8EE9E0-B281-4D9E-B75B-02BE67EB1F66}.Debug|x64.ActiveCfg = Debug|Any CPU
		{FD8EE9E0-B281-4D9E-B75B-02BE67EB1F66}.Debug|x64.Build.0 = Debug|Any CPU
		{FD8EE9E0-B281-4D9E-B75B-02BE67EB1F66}.Debug|x86.ActiveCfg = Debug|Any CPU
		{FD8EE9E0-B281-4D9E-B75B-02BE67EB1F66}.Debug|x86.Build.0 = Debug|Any CPU
		{FD8EE9E0-B281-4D9E-B75B-02BE67EB1F66}.Release|Any CPU.ActiveCfg = Release|Any CPU
		{FD8EE9E0-B281-4D9E-B75B-02BE67EB1F66}.Release|Any CPU.Build.0 = Release|Any CPU
		{FD8EE9E0-B281-4D9E-B75B-02BE67EB1F66}.Release|x64.ActiveCfg = Release|Any CPU
		{FD8EE9E0-B281-4D9E-B75B-02BE67EB1F66}.Release|x64.Build.0 = Release|Any CPU
		{FD8EE9E0-B281-4D9E-B75B-02BE67EB1F66}.Release|x86.ActiveCfg = Release|Any CPU
		{FD8EE9E0-B281-4D9E-B75B-02BE67EB1F66}.Release|x86.Build.0 = Release|Any CPU
		{AA7C0911-5245-4B62-A72C-C854708A5FAB}.Debug|Any CPU.ActiveCfg = Debug|Any CPU
		{AA7C0911-5245-4B62-A72C-C854708A5FAB}.Debug|Any CPU.Build.0 = Debug|Any CPU
		{AA7C0911-5245-4B62-A72C-C854708A5FAB}.Debug|x64.ActiveCfg = Debug|Any CPU
		{AA7C0911-5245-4B62-A72C-C854708A5FAB}.Debug|x64.Build.0 = Debug|Any CPU
		{AA7C0911-5245-4B62-A72C-C854708A5FAB}.Debug|x86.ActiveCfg = Debug|Any CPU
		{AA7C0911-5245-4B62-A72C-C854708A5FAB}.Debug|x86.Build.0 = Debug|Any CPU
		{AA7C0911-5245-4B62-A72C-C854708A5FAB}.Release|Any CPU.ActiveCfg = Release|Any CPU
		{AA7C0911-5245-4B62-A72C-C854708A5FAB}.Release|Any CPU.Build.0 = Release|Any CPU
		{AA7C0911-5245-4B62-A72C-C854708A5FAB}.Release|x64.ActiveCfg = Release|Any CPU
		{AA7C0911-5245-4B62-A72C-C854708A5FAB}.Release|x64.Build.0 = Release|Any CPU
		{AA7C0911-5245-4B62-A72C-C854708A5FAB}.Release|x86.ActiveCfg = Release|Any CPU
		{AA7C0911-5245-4B62-A72C-C854708A5FAB}.Release|x86.Build.0 = Release|Any CPU
		{CB063EE7-E421-4502-B075-D1D4BED7CBA4}.Debug|Any CPU.ActiveCfg = Debug|Any CPU
		{CB063EE7-E421-4502-B075-D1D4BED7CBA4}.Debug|Any CPU.Build.0 = Debug|Any CPU
		{CB063EE7-E421-4502-B075-D1D4BED7CBA4}.Debug|x64.ActiveCfg = Debug|Any CPU
		{CB063EE7-E421-4502-B075-D1D4BED7CBA4}.Debug|x64.Build.0 = Debug|Any CPU
		{CB063EE7-E421-4502-B075-D1D4BED7CBA4}.Debug|x86.ActiveCfg = Debug|Any CPU
		{CB063EE7-E421-4502-B075-D1D4BED7CBA4}.Debug|x86.Build.0 = Debug|Any CPU
		{CB063EE7-E421-4502-B075-D1D4BED7CBA4}.Release|Any CPU.ActiveCfg = Release|Any CPU
		{CB063EE7-E421-4502-B075-D1D4BED7CBA4}.Release|Any CPU.Build.0 = Release|Any CPU
		{CB063EE7-E421-4502-B075-D1D4BED7CBA4}.Release|x64.ActiveCfg = Release|Any CPU
		{CB063EE7-E421-4502-B075-D1D4BED7CBA4}.Release|x64.Build.0 = Release|Any CPU
		{CB063EE7-E421-4502-B075-D1D4BED7CBA4}.Release|x86.ActiveCfg = Release|Any CPU
		{CB063EE7-E421-4502-B075-D1D4BED7CBA4}.Release|x86.Build.0 = Release|Any CPU
		{CDD759B4-934F-4109-95A0-E05437DFBC9A}.Debug|Any CPU.ActiveCfg = Debug|Any CPU
		{CDD759B4-934F-4109-95A0-E05437DFBC9A}.Debug|Any CPU.Build.0 = Debug|Any CPU
		{CDD759B4-934F-4109-95A0-E05437DFBC9A}.Debug|x64.ActiveCfg = Debug|Any CPU
		{CDD759B4-934F-4109-95A0-E05437DFBC9A}.Debug|x64.Build.0 = Debug|Any CPU
		{CDD759B4-934F-4109-95A0-E05437DFBC9A}.Debug|x86.ActiveCfg = Debug|Any CPU
		{CDD759B4-934F-4109-95A0-E05437DFBC9A}.Debug|x86.Build.0 = Debug|Any CPU
		{CDD759B4-934F-4109-95A0-E05437DFBC9A}.Release|Any CPU.ActiveCfg = Release|Any CPU
		{CDD759B4-934F-4109-95A0-E05437DFBC9A}.Release|Any CPU.Build.0 = Release|Any CPU
		{CDD759B4-934F-4109-95A0-E05437DFBC9A}.Release|x64.ActiveCfg = Release|Any CPU
		{CDD759B4-934F-4109-95A0-E05437DFBC9A}.Release|x64.Build.0 = Release|Any CPU
		{CDD759B4-934F-4109-95A0-E05437DFBC9A}.Release|x86.ActiveCfg = Release|Any CPU
		{CDD759B4-934F-4109-95A0-E05437DFBC9A}.Release|x86.Build.0 = Release|Any CPU
		{775361D7-0545-4FEC-BDF0-604031FA94CB}.Debug|Any CPU.ActiveCfg = Debug|Any CPU
		{775361D7-0545-4FEC-BDF0-604031FA94CB}.Debug|Any CPU.Build.0 = Debug|Any CPU
		{775361D7-0545-4FEC-BDF0-604031FA94CB}.Debug|x64.ActiveCfg = Debug|Any CPU
		{775361D7-0545-4FEC-BDF0-604031FA94CB}.Debug|x64.Build.0 = Debug|Any CPU
		{775361D7-0545-4FEC-BDF0-604031FA94CB}.Debug|x86.ActiveCfg = Debug|Any CPU
		{775361D7-0545-4FEC-BDF0-604031FA94CB}.Debug|x86.Build.0 = Debug|Any CPU
		{775361D7-0545-4FEC-BDF0-604031FA94CB}.Release|Any CPU.ActiveCfg = Release|Any CPU
		{775361D7-0545-4FEC-BDF0-604031FA94CB}.Release|Any CPU.Build.0 = Release|Any CPU
		{775361D7-0545-4FEC-BDF0-604031FA94CB}.Release|x64.ActiveCfg = Release|Any CPU
		{775361D7-0545-4FEC-BDF0-604031FA94CB}.Release|x64.Build.0 = Release|Any CPU
		{775361D7-0545-4FEC-BDF0-604031FA94CB}.Release|x86.ActiveCfg = Release|Any CPU
		{775361D7-0545-4FEC-BDF0-604031FA94CB}.Release|x86.Build.0 = Release|Any CPU
		{16B6BDFD-263A-4B5E-AA6B-CBF0C227717B}.Debug|Any CPU.ActiveCfg = Debug|Any CPU
		{16B6BDFD-263A-4B5E-AA6B-CBF0C227717B}.Debug|Any CPU.Build.0 = Debug|Any CPU
		{16B6BDFD-263A-4B5E-AA6B-CBF0C227717B}.Debug|x64.ActiveCfg = Debug|Any CPU
		{16B6BDFD-263A-4B5E-AA6B-CBF0C227717B}.Debug|x64.Build.0 = Debug|Any CPU
		{16B6BDFD-263A-4B5E-AA6B-CBF0C227717B}.Debug|x86.ActiveCfg = Debug|Any CPU
		{16B6BDFD-263A-4B5E-AA6B-CBF0C227717B}.Debug|x86.Build.0 = Debug|Any CPU
		{16B6BDFD-263A-4B5E-AA6B-CBF0C227717B}.Release|Any CPU.ActiveCfg = Release|Any CPU
		{16B6BDFD-263A-4B5E-AA6B-CBF0C227717B}.Release|Any CPU.Build.0 = Release|Any CPU
		{16B6BDFD-263A-4B5E-AA6B-CBF0C227717B}.Release|x64.ActiveCfg = Release|Any CPU
		{16B6BDFD-263A-4B5E-AA6B-CBF0C227717B}.Release|x64.Build.0 = Release|Any CPU
		{16B6BDFD-263A-4B5E-AA6B-CBF0C227717B}.Release|x86.ActiveCfg = Release|Any CPU
		{16B6BDFD-263A-4B5E-AA6B-CBF0C227717B}.Release|x86.Build.0 = Release|Any CPU
	EndGlobalSection
	GlobalSection(SolutionProperties) = preSolution
		HideSolutionNode = FALSE
	EndGlobalSection
	GlobalSection(NestedProjects) = preSolution
		{2F7723C1-297B-416F-9A78-153156D319B9} = {3778527A-F81C-47A1-AB4E-456616AB2B12}
		{C076C217-ECB3-4001-A5BA-C0FF2A2B1029} = {76681392-9D8A-4D2A-861A-45B9E07A22CE}
		{4C408C43-C59F-4BA4-B043-01CE099FDDD3} = {3778527A-F81C-47A1-AB4E-456616AB2B12}
		{B606A233-739B-4807-B832-71D5F6AD1B00} = {3778527A-F81C-47A1-AB4E-456616AB2B12}
		{B0C4B809-2332-4FCC-AD57-65F188A0E195} = {3778527A-F81C-47A1-AB4E-456616AB2B12}
		{BC3C0E60-9524-46A3-9588-C4BFF8E03C74} = {3778527A-F81C-47A1-AB4E-456616AB2B12}
		{9581F6DB-D466-4C07-980E-E3408B6C3D25} = {3778527A-F81C-47A1-AB4E-456616AB2B12}
		{7FB0604B-44CD-4DB1-99C5-E89EA6C20AEC} = {3778527A-F81C-47A1-AB4E-456616AB2B12}
		{C3B9CCDD-01F1-467B-8C98-7A338F9570C5} = {3778527A-F81C-47A1-AB4E-456616AB2B12}
		{41FD3B66-5E36-43DB-85AA-BD04F41D1097} = {76681392-9D8A-4D2A-861A-45B9E07A22CE}
		{388FF0A8-ACB4-4E6C-B975-7270ED9EAC9E} = {76681392-9D8A-4D2A-861A-45B9E07A22CE}
	EndGlobalSection
	GlobalSection(ExtensibilityGlobals) = postSolution
		SolutionGuid = {34584677-C555-4540-BBB0-527798A17725}
	EndGlobalSection
EndGlobal
