
Microsoft Visual Studio Solution File, Format Version 12.00
# Visual Studio 15
VisualStudioVersion = 15.0.27004.2009
MinimumVisualStudioVersion = 10.0.40219.1
Project("{FAE04EC0-301F-11D3-BF4B-00C04F79EFBC}") = "Infusion", "Infusion\Infusion.csproj", "{22E3BD2C-8FFE-4D11-8FD8-7764F40F3324}"
EndProject
Project("{FAE04EC0-301F-11D3-BF4B-00C04F79EFBC}") = "Infusion.Tests", "Infusion.Tests\Infusion.Tests.csproj", "{F6658DAD-8158-4105-A9F4-AEDF23748FAE}"
EndProject
Project("{FAE04EC0-301F-11D3-BF4B-00C04F79EFBC}") = "Infusion.Proxy", "Infusion.Proxy\Infusion.Proxy.csproj", "{5E814151-7F4C-4D71-BCB2-97FD303F04A8}"
EndProject
Project("{FAE04EC0-301F-11D3-BF4B-00C04F79EFBC}") = "Infusion.Proxy.Tests", "Infusion.Proxy.Tests\Infusion.Proxy.Tests.csproj", "{DFCE9C0F-0E66-4637-BAE9-0EE4D652EA19}"
EndProject
Project("{FAE04EC0-301F-11D3-BF4B-00C04F79EFBC}") = "Ultima", "UltimaSdk\Ultima.csproj", "{5D66ACE6-B2A4-400F-B5A5-24525959AC5C}"
EndProject
Project("{FAE04EC0-301F-11D3-BF4B-00C04F79EFBC}") = "Infusion.Desktop", "Infusion.Desktop\Infusion.Desktop.csproj", "{CEB9DE65-59E5-4186-A11E-E797F86B97B1}"
EndProject
Project("{FAE04EC0-301F-11D3-BF4B-00C04F79EFBC}") = "Infusion.Desktop.Tests", "Infusion.Desktop.Tests\Infusion.Desktop.Tests.csproj", "{25DEA130-DFF6-4C54-9A40-2C911645E607}"
EndProject
Project("{2150E333-8FDC-42A3-9474-1A3956D46DE8}") = "RoslynPad", "RoslynPad", "{3778527A-F81C-47A1-AB4E-456616AB2B12}"
EndProject
Project("{FAE04EC0-301F-11D3-BF4B-00C04F79EFBC}") = "RoslynPad", "RoslynPad\src\RoslynPad\RoslynPad.csproj", "{2F7723C1-297B-416F-9A78-153156D319B9}"
EndProject
Project("{9A19103F-16F7-4668-BE54-9A1E7A4F7556}") = "RoslynPad.Common", "RoslynPad\src\RoslynPad.Common\RoslynPad.Common.csproj", "{FAE8AF1B-5004-42B6-8B42-EFF1DB5B677F}"
EndProject
Project("{9A19103F-16F7-4668-BE54-9A1E7A4F7556}") = "RoslynPad.Roslyn", "RoslynPad\src\RoslynPad.Roslyn\RoslynPad.Roslyn.csproj", "{AC9F325F-A3FF-4561-941E-49CE4736CBD0}"
EndProject
Project("{9A19103F-16F7-4668-BE54-9A1E7A4F7556}") = "RoslynPad.Common.UI", "RoslynPad\src\RoslynPad.Common.UI\RoslynPad.Common.UI.csproj", "{47C8DFA4-E7E9-4E44-86C4-B906229A25E0}"
EndProject
Project("{9A19103F-16F7-4668-BE54-9A1E7A4F7556}") = "RoslynPad.Editor.Windows", "RoslynPad\src\RoslynPad.Editor.Windows\RoslynPad.Editor.Windows.csproj", "{5FC3A02C-33B5-4E32-8512-7053474D9C57}"
EndProject
Project("{9A19103F-16F7-4668-BE54-9A1E7A4F7556}") = "RoslynPad.Roslyn.Windows", "RoslynPad\src\RoslynPad.Roslyn.Windows\RoslynPad.Roslyn.Windows.csproj", "{075292F0-DBCD-4A01-9791-9637D396CCB8}"
EndProject
Project("{FAE04EC0-301F-11D3-BF4B-00C04F79EFBC}") = "Infusion.LegacyApi", "Infusion.LegacyApi\Infusion.LegacyApi.csproj", "{28A5CECE-9E74-4524-9DFD-238ED4DF12BA}"
EndProject
Project("{FAE04EC0-301F-11D3-BF4B-00C04F79EFBC}") = "Infusion.LegacyApi.Tests", "Infusion.LegacyApi.Tests\Infusion.LegacyApi.Tests.csproj", "{A71CBC50-2159-481F-BDB4-7AE925D1BDE4}"
EndProject
Project("{2150E333-8FDC-42A3-9474-1A3956D46DE8}") = "Solution Items", "Solution Items", "{73CDF88F-5A6A-4920-8E5C-BB636DE364A9}"
	ProjectSection(SolutionItems) = preProject
		SharedAssemblyInfo.cs = SharedAssemblyInfo.cs
	EndProjectSection
EndProject
Project("{FAE04EC0-301F-11D3-BF4B-00C04F79EFBC}") = "Infusion.LegacyApi.Benchmarks", "Infusion.LegacyApi.Benchmarks\Infusion.LegacyApi.Benchmarks.csproj", "{FD8EE9E0-B281-4D9E-B75B-02BE67EB1F66}"
EndProject
Project("{FAE04EC0-301F-11D3-BF4B-00C04F79EFBC}") = "Infusion.Launcher", "Infusion.Launcher\Infusion.Launcher.csproj", "{AA7C0911-5245-4B62-A72C-C854708A5FAB}"
EndProject
Project("{D954291E-2A0B-460D-934E-DC6B0785DB48}") = "RoslynPad.Editor.Shared", "RoslynPad\src\RoslynPad.Editor.Shared\RoslynPad.Editor.Shared.shproj", "{7FB0604B-44CD-4DB1-99C5-E89EA6C20AEC}"
EndProject
Project("{9A19103F-16F7-4668-BE54-9A1E7A4F7556}") = "RoslynPad.Hosting", "RoslynPad\src\RoslynPad.Hosting\RoslynPad.Hosting.csproj", "{E0C81FF3-B7AD-408E-86AE-FAE72C3935C2}"
EndProject
Project("{2150E333-8FDC-42A3-9474-1A3956D46DE8}") = "InjectionScript", "InjectionScript", "{76681392-9D8A-4D2A-861A-45B9E07A22CE}"
EndProject
Project("{9A19103F-16F7-4668-BE54-9A1E7A4F7556}") = "InjectionScript.Tests", "InjectionScript\src\InjectionScript.Tests\InjectionScript.Tests.csproj", "{59EAD0F6-95CE-4539-A713-98A65693586A}"
EndProject
Project("{9A19103F-16F7-4668-BE54-9A1E7A4F7556}") = "InjectionScript", "InjectionScript\src\InjectionScript\InjectionScript.csproj", "{C076C217-ECB3-4001-A5BA-C0FF2A2B1029}"
EndProject
Project("{FAE04EC0-301F-11D3-BF4B-00C04F79EFBC}") = "InjectionScript.Cli", "InjectionScript\src\InjectionScript.Cli\InjectionScript.Cli.csproj", "{388FF0A8-ACB4-4E6C-B975-7270ED9EAC9E}"
EndProject
Global
	GlobalSection(SharedMSBuildProjectFiles) = preSolution
		RoslynPad\src\RoslynPad.Editor.Shared\RoslynPad.Editor.Shared.projitems*{7fb0604b-44cd-4db1-99c5-e89ea6c20aec}*SharedItemsImports = 13
	EndGlobalSection
	GlobalSection(SolutionConfigurationPlatforms) = preSolution
		Debug|Any CPU = Debug|Any CPU
		Debug|x64 = Debug|x64
		Debug|x86 = Debug|x86
		Release|Any CPU = Release|Any CPU
		Release|x64 = Release|x64
		Release|x86 = Release|x86
	EndGlobalSection
	GlobalSection(ProjectConfigurationPlatforms) = postSolution
		{22E3BD2C-8FFE-4D11-8FD8-7764F40F3324}.Debug|Any CPU.ActiveCfg = Debug|Any CPU
		{22E3BD2C-8FFE-4D11-8FD8-7764F40F3324}.Debug|Any CPU.Build.0 = Debug|Any CPU
		{22E3BD2C-8FFE-4D11-8FD8-7764F40F3324}.Debug|x64.ActiveCfg = Debug|Any CPU
		{22E3BD2C-8FFE-4D11-8FD8-7764F40F3324}.Debug|x64.Build.0 = Debug|Any CPU
		{22E3BD2C-8FFE-4D11-8FD8-7764F40F3324}.Debug|x86.ActiveCfg = Debug|Any CPU
		{22E3BD2C-8FFE-4D11-8FD8-7764F40F3324}.Debug|x86.Build.0 = Debug|Any CPU
		{22E3BD2C-8FFE-4D11-8FD8-7764F40F3324}.Release|Any CPU.ActiveCfg = Release|Any CPU
		{22E3BD2C-8FFE-4D11-8FD8-7764F40F3324}.Release|Any CPU.Build.0 = Release|Any CPU
		{22E3BD2C-8FFE-4D11-8FD8-7764F40F3324}.Release|x64.ActiveCfg = Release|Any CPU
		{22E3BD2C-8FFE-4D11-8FD8-7764F40F3324}.Release|x64.Build.0 = Release|Any CPU
		{22E3BD2C-8FFE-4D11-8FD8-7764F40F3324}.Release|x86.ActiveCfg = Release|Any CPU
		{22E3BD2C-8FFE-4D11-8FD8-7764F40F3324}.Release|x86.Build.0 = Release|Any CPU
		{F6658DAD-8158-4105-A9F4-AEDF23748FAE}.Debug|Any CPU.ActiveCfg = Debug|Any CPU
		{F6658DAD-8158-4105-A9F4-AEDF23748FAE}.Debug|Any CPU.Build.0 = Debug|Any CPU
		{F6658DAD-8158-4105-A9F4-AEDF23748FAE}.Debug|x64.ActiveCfg = Debug|Any CPU
		{F6658DAD-8158-4105-A9F4-AEDF23748FAE}.Debug|x64.Build.0 = Debug|Any CPU
		{F6658DAD-8158-4105-A9F4-AEDF23748FAE}.Debug|x86.ActiveCfg = Debug|Any CPU
		{F6658DAD-8158-4105-A9F4-AEDF23748FAE}.Debug|x86.Build.0 = Debug|Any CPU
		{F6658DAD-8158-4105-A9F4-AEDF23748FAE}.Release|Any CPU.ActiveCfg = Release|Any CPU
		{F6658DAD-8158-4105-A9F4-AEDF23748FAE}.Release|Any CPU.Build.0 = Release|Any CPU
		{F6658DAD-8158-4105-A9F4-AEDF23748FAE}.Release|x64.ActiveCfg = Release|Any CPU
		{F6658DAD-8158-4105-A9F4-AEDF23748FAE}.Release|x64.Build.0 = Release|Any CPU
		{F6658DAD-8158-4105-A9F4-AEDF23748FAE}.Release|x86.ActiveCfg = Release|Any CPU
		{F6658DAD-8158-4105-A9F4-AEDF23748FAE}.Release|x86.Build.0 = Release|Any CPU
		{5E814151-7F4C-4D71-BCB2-97FD303F04A8}.Debug|Any CPU.ActiveCfg = Debug|Any CPU
		{5E814151-7F4C-4D71-BCB2-97FD303F04A8}.Debug|Any CPU.Build.0 = Debug|Any CPU
		{5E814151-7F4C-4D71-BCB2-97FD303F04A8}.Debug|x64.ActiveCfg = Debug|Any CPU
		{5E814151-7F4C-4D71-BCB2-97FD303F04A8}.Debug|x64.Build.0 = Debug|Any CPU
		{5E814151-7F4C-4D71-BCB2-97FD303F04A8}.Debug|x86.ActiveCfg = Debug|Any CPU
		{5E814151-7F4C-4D71-BCB2-97FD303F04A8}.Debug|x86.Build.0 = Debug|Any CPU
		{5E814151-7F4C-4D71-BCB2-97FD303F04A8}.Release|Any CPU.ActiveCfg = Release|Any CPU
		{5E814151-7F4C-4D71-BCB2-97FD303F04A8}.Release|Any CPU.Build.0 = Release|Any CPU
		{5E814151-7F4C-4D71-BCB2-97FD303F04A8}.Release|x64.ActiveCfg = Release|Any CPU
		{5E814151-7F4C-4D71-BCB2-97FD303F04A8}.Release|x64.Build.0 = Release|Any CPU
		{5E814151-7F4C-4D71-BCB2-97FD303F04A8}.Release|x86.ActiveCfg = Release|Any CPU
		{5E814151-7F4C-4D71-BCB2-97FD303F04A8}.Release|x86.Build.0 = Release|Any CPU
		{DFCE9C0F-0E66-4637-BAE9-0EE4D652EA19}.Debug|Any CPU.ActiveCfg = Debug|Any CPU
		{DFCE9C0F-0E66-4637-BAE9-0EE4D652EA19}.Debug|Any CPU.Build.0 = Debug|Any CPU
		{DFCE9C0F-0E66-4637-BAE9-0EE4D652EA19}.Debug|x64.ActiveCfg = Debug|Any CPU
		{DFCE9C0F-0E66-4637-BAE9-0EE4D652EA19}.Debug|x64.Build.0 = Debug|Any CPU
		{DFCE9C0F-0E66-4637-BAE9-0EE4D652EA19}.Debug|x86.ActiveCfg = Debug|Any CPU
		{DFCE9C0F-0E66-4637-BAE9-0EE4D652EA19}.Debug|x86.Build.0 = Debug|Any CPU
		{DFCE9C0F-0E66-4637-BAE9-0EE4D652EA19}.Release|Any CPU.ActiveCfg = Release|Any CPU
		{DFCE9C0F-0E66-4637-BAE9-0EE4D652EA19}.Release|Any CPU.Build.0 = Release|Any CPU
		{DFCE9C0F-0E66-4637-BAE9-0EE4D652EA19}.Release|x64.ActiveCfg = Release|Any CPU
		{DFCE9C0F-0E66-4637-BAE9-0EE4D652EA19}.Release|x64.Build.0 = Release|Any CPU
		{DFCE9C0F-0E66-4637-BAE9-0EE4D652EA19}.Release|x86.ActiveCfg = Release|Any CPU
		{DFCE9C0F-0E66-4637-BAE9-0EE4D652EA19}.Release|x86.Build.0 = Release|Any CPU
		{5D66ACE6-B2A4-400F-B5A5-24525959AC5C}.Debug|Any CPU.ActiveCfg = Debug|Any CPU
		{5D66ACE6-B2A4-400F-B5A5-24525959AC5C}.Debug|Any CPU.Build.0 = Debug|Any CPU
		{5D66ACE6-B2A4-400F-B5A5-24525959AC5C}.Debug|x64.ActiveCfg = Debug|Any CPU
		{5D66ACE6-B2A4-400F-B5A5-24525959AC5C}.Debug|x64.Build.0 = Debug|Any CPU
		{5D66ACE6-B2A4-400F-B5A5-24525959AC5C}.Debug|x86.ActiveCfg = Debug|Any CPU
		{5D66ACE6-B2A4-400F-B5A5-24525959AC5C}.Debug|x86.Build.0 = Debug|Any CPU
		{5D66ACE6-B2A4-400F-B5A5-24525959AC5C}.Release|Any CPU.ActiveCfg = Release|Any CPU
		{5D66ACE6-B2A4-400F-B5A5-24525959AC5C}.Release|Any CPU.Build.0 = Release|Any CPU
		{5D66ACE6-B2A4-400F-B5A5-24525959AC5C}.Release|x64.ActiveCfg = Release|Any CPU
		{5D66ACE6-B2A4-400F-B5A5-24525959AC5C}.Release|x64.Build.0 = Release|Any CPU
		{5D66ACE6-B2A4-400F-B5A5-24525959AC5C}.Release|x86.ActiveCfg = Release|Any CPU
		{5D66ACE6-B2A4-400F-B5A5-24525959AC5C}.Release|x86.Build.0 = Release|Any CPU
		{CEB9DE65-59E5-4186-A11E-E797F86B97B1}.Debug|Any CPU.ActiveCfg = Debug|Any CPU
		{CEB9DE65-59E5-4186-A11E-E797F86B97B1}.Debug|Any CPU.Build.0 = Debug|Any CPU
		{CEB9DE65-59E5-4186-A11E-E797F86B97B1}.Debug|x64.ActiveCfg = Debug|Any CPU
		{CEB9DE65-59E5-4186-A11E-E797F86B97B1}.Debug|x64.Build.0 = Debug|Any CPU
		{CEB9DE65-59E5-4186-A11E-E797F86B97B1}.Debug|x86.ActiveCfg = Debug|Any CPU
		{CEB9DE65-59E5-4186-A11E-E797F86B97B1}.Debug|x86.Build.0 = Debug|Any CPU
		{CEB9DE65-59E5-4186-A11E-E797F86B97B1}.Release|Any CPU.ActiveCfg = Release|Any CPU
		{CEB9DE65-59E5-4186-A11E-E797F86B97B1}.Release|Any CPU.Build.0 = Release|Any CPU
		{CEB9DE65-59E5-4186-A11E-E797F86B97B1}.Release|x64.ActiveCfg = Release|Any CPU
		{CEB9DE65-59E5-4186-A11E-E797F86B97B1}.Release|x64.Build.0 = Release|Any CPU
		{CEB9DE65-59E5-4186-A11E-E797F86B97B1}.Release|x86.ActiveCfg = Release|Any CPU
		{CEB9DE65-59E5-4186-A11E-E797F86B97B1}.Release|x86.Build.0 = Release|Any CPU
		{25DEA130-DFF6-4C54-9A40-2C911645E607}.Debug|Any CPU.ActiveCfg = Debug|Any CPU
		{25DEA130-DFF6-4C54-9A40-2C911645E607}.Debug|Any CPU.Build.0 = Debug|Any CPU
		{25DEA130-DFF6-4C54-9A40-2C911645E607}.Debug|x64.ActiveCfg = Debug|Any CPU
		{25DEA130-DFF6-4C54-9A40-2C911645E607}.Debug|x64.Build.0 = Debug|Any CPU
		{25DEA130-DFF6-4C54-9A40-2C911645E607}.Debug|x86.ActiveCfg = Debug|Any CPU
		{25DEA130-DFF6-4C54-9A40-2C911645E607}.Debug|x86.Build.0 = Debug|Any CPU
		{25DEA130-DFF6-4C54-9A40-2C911645E607}.Release|Any CPU.ActiveCfg = Release|Any CPU
		{25DEA130-DFF6-4C54-9A40-2C911645E607}.Release|Any CPU.Build.0 = Release|Any CPU
		{25DEA130-DFF6-4C54-9A40-2C911645E607}.Release|x64.ActiveCfg = Release|Any CPU
		{25DEA130-DFF6-4C54-9A40-2C911645E607}.Release|x64.Build.0 = Release|Any CPU
		{25DEA130-DFF6-4C54-9A40-2C911645E607}.Release|x86.ActiveCfg = Release|Any CPU
		{25DEA130-DFF6-4C54-9A40-2C911645E607}.Release|x86.Build.0 = Release|Any CPU
		{2F7723C1-297B-416F-9A78-153156D319B9}.Debug|Any CPU.ActiveCfg = Debug|Any CPU
		{2F7723C1-297B-416F-9A78-153156D319B9}.Debug|Any CPU.Build.0 = Debug|Any CPU
		{2F7723C1-297B-416F-9A78-153156D319B9}.Debug|x64.ActiveCfg = Debug|Any CPU
		{2F7723C1-297B-416F-9A78-153156D319B9}.Debug|x64.Build.0 = Debug|Any CPU
		{2F7723C1-297B-416F-9A78-153156D319B9}.Debug|x86.ActiveCfg = Debug|Any CPU
		{2F7723C1-297B-416F-9A78-153156D319B9}.Debug|x86.Build.0 = Debug|Any CPU
		{2F7723C1-297B-416F-9A78-153156D319B9}.Release|Any CPU.ActiveCfg = Release|Any CPU
		{2F7723C1-297B-416F-9A78-153156D319B9}.Release|Any CPU.Build.0 = Release|Any CPU
		{2F7723C1-297B-416F-9A78-153156D319B9}.Release|x64.ActiveCfg = Release|Any CPU
		{2F7723C1-297B-416F-9A78-153156D319B9}.Release|x64.Build.0 = Release|Any CPU
		{2F7723C1-297B-416F-9A78-153156D319B9}.Release|x86.ActiveCfg = Release|Any CPU
		{2F7723C1-297B-416F-9A78-153156D319B9}.Release|x86.Build.0 = Release|Any CPU
		{FAE8AF1B-5004-42B6-8B42-EFF1DB5B677F}.Debug|Any CPU.ActiveCfg = Debug|Any CPU
		{FAE8AF1B-5004-42B6-8B42-EFF1DB5B677F}.Debug|Any CPU.Build.0 = Debug|Any CPU
		{FAE8AF1B-5004-42B6-8B42-EFF1DB5B677F}.Debug|x64.ActiveCfg = Debug|Any CPU
		{FAE8AF1B-5004-42B6-8B42-EFF1DB5B677F}.Debug|x64.Build.0 = Debug|Any CPU
		{FAE8AF1B-5004-42B6-8B42-EFF1DB5B677F}.Debug|x86.ActiveCfg = Debug|Any CPU
		{FAE8AF1B-5004-42B6-8B42-EFF1DB5B677F}.Debug|x86.Build.0 = Debug|Any CPU
		{FAE8AF1B-5004-42B6-8B42-EFF1DB5B677F}.Release|Any CPU.ActiveCfg = Release|Any CPU
		{FAE8AF1B-5004-42B6-8B42-EFF1DB5B677F}.Release|Any CPU.Build.0 = Release|Any CPU
		{FAE8AF1B-5004-42B6-8B42-EFF1DB5B677F}.Release|x64.ActiveCfg = Release|Any CPU
		{FAE8AF1B-5004-42B6-8B42-EFF1DB5B677F}.Release|x64.Build.0 = Release|Any CPU
		{FAE8AF1B-5004-42B6-8B42-EFF1DB5B677F}.Release|x86.ActiveCfg = Release|Any CPU
		{FAE8AF1B-5004-42B6-8B42-EFF1DB5B677F}.Release|x86.Build.0 = Release|Any CPU
		{AC9F325F-A3FF-4561-941E-49CE4736CBD0}.Debug|Any CPU.ActiveCfg = Debug|Any CPU
		{AC9F325F-A3FF-4561-941E-49CE4736CBD0}.Debug|Any CPU.Build.0 = Debug|Any CPU
		{AC9F325F-A3FF-4561-941E-49CE4736CBD0}.Debug|x64.ActiveCfg = Debug|Any CPU
		{AC9F325F-A3FF-4561-941E-49CE4736CBD0}.Debug|x64.Build.0 = Debug|Any CPU
		{AC9F325F-A3FF-4561-941E-49CE4736CBD0}.Debug|x86.ActiveCfg = Debug|Any CPU
		{AC9F325F-A3FF-4561-941E-49CE4736CBD0}.Debug|x86.Build.0 = Debug|Any CPU
		{AC9F325F-A3FF-4561-941E-49CE4736CBD0}.Release|Any CPU.ActiveCfg = Release|Any CPU
		{AC9F325F-A3FF-4561-941E-49CE4736CBD0}.Release|Any CPU.Build.0 = Release|Any CPU
		{AC9F325F-A3FF-4561-941E-49CE4736CBD0}.Release|x64.ActiveCfg = Release|Any CPU
		{AC9F325F-A3FF-4561-941E-49CE4736CBD0}.Release|x64.Build.0 = Release|Any CPU
		{AC9F325F-A3FF-4561-941E-49CE4736CBD0}.Release|x86.ActiveCfg = Release|Any CPU
		{AC9F325F-A3FF-4561-941E-49CE4736CBD0}.Release|x86.Build.0 = Release|Any CPU
		{47C8DFA4-E7E9-4E44-86C4-B906229A25E0}.Debug|Any CPU.ActiveCfg = Debug|Any CPU
		{47C8DFA4-E7E9-4E44-86C4-B906229A25E0}.Debug|Any CPU.Build.0 = Debug|Any CPU
		{47C8DFA4-E7E9-4E44-86C4-B906229A25E0}.Debug|x64.ActiveCfg = Debug|Any CPU
		{47C8DFA4-E7E9-4E44-86C4-B906229A25E0}.Debug|x64.Build.0 = Debug|Any CPU
		{47C8DFA4-E7E9-4E44-86C4-B906229A25E0}.Debug|x86.ActiveCfg = Debug|Any CPU
		{47C8DFA4-E7E9-4E44-86C4-B906229A25E0}.Debug|x86.Build.0 = Debug|Any CPU
		{47C8DFA4-E7E9-4E44-86C4-B906229A25E0}.Release|Any CPU.ActiveCfg = Release|Any CPU
		{47C8DFA4-E7E9-4E44-86C4-B906229A25E0}.Release|Any CPU.Build.0 = Release|Any CPU
		{47C8DFA4-E7E9-4E44-86C4-B906229A25E0}.Release|x64.ActiveCfg = Release|Any CPU
		{47C8DFA4-E7E9-4E44-86C4-B906229A25E0}.Release|x64.Build.0 = Release|Any CPU
		{47C8DFA4-E7E9-4E44-86C4-B906229A25E0}.Release|x86.ActiveCfg = Release|Any CPU
		{47C8DFA4-E7E9-4E44-86C4-B906229A25E0}.Release|x86.Build.0 = Release|Any CPU
		{5FC3A02C-33B5-4E32-8512-7053474D9C57}.Debug|Any CPU.ActiveCfg = Debug|Any CPU
		{5FC3A02C-33B5-4E32-8512-7053474D9C57}.Debug|Any CPU.Build.0 = Debug|Any CPU
		{5FC3A02C-33B5-4E32-8512-7053474D9C57}.Debug|x64.ActiveCfg = Debug|Any CPU
		{5FC3A02C-33B5-4E32-8512-7053474D9C57}.Debug|x64.Build.0 = Debug|Any CPU
		{5FC3A02C-33B5-4E32-8512-7053474D9C57}.Debug|x86.ActiveCfg = Debug|Any CPU
		{5FC3A02C-33B5-4E32-8512-7053474D9C57}.Debug|x86.Build.0 = Debug|Any CPU
		{5FC3A02C-33B5-4E32-8512-7053474D9C57}.Release|Any CPU.ActiveCfg = Release|Any CPU
		{5FC3A02C-33B5-4E32-8512-7053474D9C57}.Release|Any CPU.Build.0 = Release|Any CPU
		{5FC3A02C-33B5-4E32-8512-7053474D9C57}.Release|x64.ActiveCfg = Release|Any CPU
		{5FC3A02C-33B5-4E32-8512-7053474D9C57}.Release|x64.Build.0 = Release|Any CPU
		{5FC3A02C-33B5-4E32-8512-7053474D9C57}.Release|x86.ActiveCfg = Release|Any CPU
		{5FC3A02C-33B5-4E32-8512-7053474D9C57}.Release|x86.Build.0 = Release|Any CPU
		{075292F0-DBCD-4A01-9791-9637D396CCB8}.Debug|Any CPU.ActiveCfg = Debug|Any CPU
		{075292F0-DBCD-4A01-9791-9637D396CCB8}.Debug|Any CPU.Build.0 = Debug|Any CPU
		{075292F0-DBCD-4A01-9791-9637D396CCB8}.Debug|x64.ActiveCfg = Debug|Any CPU
		{075292F0-DBCD-4A01-9791-9637D396CCB8}.Debug|x64.Build.0 = Debug|Any CPU
		{075292F0-DBCD-4A01-9791-9637D396CCB8}.Debug|x86.ActiveCfg = Debug|Any CPU
		{075292F0-DBCD-4A01-9791-9637D396CCB8}.Debug|x86.Build.0 = Debug|Any CPU
		{075292F0-DBCD-4A01-9791-9637D396CCB8}.Release|Any CPU.ActiveCfg = Release|Any CPU
		{075292F0-DBCD-4A01-9791-9637D396CCB8}.Release|Any CPU.Build.0 = Release|Any CPU
		{075292F0-DBCD-4A01-9791-9637D396CCB8}.Release|x64.ActiveCfg = Release|Any CPU
		{075292F0-DBCD-4A01-9791-9637D396CCB8}.Release|x64.Build.0 = Release|Any CPU
		{075292F0-DBCD-4A01-9791-9637D396CCB8}.Release|x86.ActiveCfg = Release|Any CPU
		{075292F0-DBCD-4A01-9791-9637D396CCB8}.Release|x86.Build.0 = Release|Any CPU
		{28A5CECE-9E74-4524-9DFD-238ED4DF12BA}.Debug|Any CPU.ActiveCfg = Debug|Any CPU
		{28A5CECE-9E74-4524-9DFD-238ED4DF12BA}.Debug|Any CPU.Build.0 = Debug|Any CPU
		{28A5CECE-9E74-4524-9DFD-238ED4DF12BA}.Debug|x64.ActiveCfg = Debug|Any CPU
		{28A5CECE-9E74-4524-9DFD-238ED4DF12BA}.Debug|x64.Build.0 = Debug|Any CPU
		{28A5CECE-9E74-4524-9DFD-238ED4DF12BA}.Debug|x86.ActiveCfg = Debug|Any CPU
		{28A5CECE-9E74-4524-9DFD-238ED4DF12BA}.Debug|x86.Build.0 = Debug|Any CPU
		{28A5CECE-9E74-4524-9DFD-238ED4DF12BA}.Release|Any CPU.ActiveCfg = Release|Any CPU
		{28A5CECE-9E74-4524-9DFD-238ED4DF12BA}.Release|Any CPU.Build.0 = Release|Any CPU
		{28A5CECE-9E74-4524-9DFD-238ED4DF12BA}.Release|x64.ActiveCfg = Release|Any CPU
		{28A5CECE-9E74-4524-9DFD-238ED4DF12BA}.Release|x64.Build.0 = Release|Any CPU
		{28A5CECE-9E74-4524-9DFD-238ED4DF12BA}.Release|x86.ActiveCfg = Release|Any CPU
		{28A5CECE-9E74-4524-9DFD-238ED4DF12BA}.Release|x86.Build.0 = Release|Any CPU
		{A71CBC50-2159-481F-BDB4-7AE925D1BDE4}.Debug|Any CPU.ActiveCfg = Debug|Any CPU
		{A71CBC50-2159-481F-BDB4-7AE925D1BDE4}.Debug|Any CPU.Build.0 = Debug|Any CPU
		{A71CBC50-2159-481F-BDB4-7AE925D1BDE4}.Debug|x64.ActiveCfg = Debug|Any CPU
		{A71CBC50-2159-481F-BDB4-7AE925D1BDE4}.Debug|x64.Build.0 = Debug|Any CPU
		{A71CBC50-2159-481F-BDB4-7AE925D1BDE4}.Debug|x86.ActiveCfg = Debug|Any CPU
		{A71CBC50-2159-481F-BDB4-7AE925D1BDE4}.Debug|x86.Build.0 = Debug|Any CPU
		{A71CBC50-2159-481F-BDB4-7AE925D1BDE4}.Release|Any CPU.ActiveCfg = Release|Any CPU
		{A71CBC50-2159-481F-BDB4-7AE925D1BDE4}.Release|Any CPU.Build.0 = Release|Any CPU
		{A71CBC50-2159-481F-BDB4-7AE925D1BDE4}.Release|x64.ActiveCfg = Release|Any CPU
		{A71CBC50-2159-481F-BDB4-7AE925D1BDE4}.Release|x64.Build.0 = Release|Any CPU
		{A71CBC50-2159-481F-BDB4-7AE925D1BDE4}.Release|x86.ActiveCfg = Release|Any CPU
		{A71CBC50-2159-481F-BDB4-7AE925D1BDE4}.Release|x86.Build.0 = Release|Any CPU
		{FD8EE9E0-B281-4D9E-B75B-02BE67EB1F66}.Debug|Any CPU.ActiveCfg = Debug|Any CPU
		{FD8EE9E0-B281-4D9E-B75B-02BE67EB1F66}.Debug|Any CPU.Build.0 = Debug|Any CPU
		{FD8EE9E0-B281-4D9E-B75B-02BE67EB1F66}.Debug|x64.ActiveCfg = Debug|Any CPU
		{FD8EE9E0-B281-4D9E-B75B-02BE67EB1F66}.Debug|x64.Build.0 = Debug|Any CPU
		{FD8EE9E0-B281-4D9E-B75B-02BE67EB1F66}.Debug|x86.ActiveCfg = Debug|Any CPU
		{FD8EE9E0-B281-4D9E-B75B-02BE67EB1F66}.Debug|x86.Build.0 = Debug|Any CPU
		{FD8EE9E0-B281-4D9E-B75B-02BE67EB1F66}.Release|Any CPU.ActiveCfg = Release|Any CPU
		{FD8EE9E0-B281-4D9E-B75B-02BE67EB1F66}.Release|Any CPU.Build.0 = Release|Any CPU
		{FD8EE9E0-B281-4D9E-B75B-02BE67EB1F66}.Release|x64.ActiveCfg = Release|Any CPU
		{FD8EE9E0-B281-4D9E-B75B-02BE67EB1F66}.Release|x64.Build.0 = Release|Any CPU
		{FD8EE9E0-B281-4D9E-B75B-02BE67EB1F66}.Release|x86.ActiveCfg = Release|Any CPU
		{FD8EE9E0-B281-4D9E-B75B-02BE67EB1F66}.Release|x86.Build.0 = Release|Any CPU
		{AA7C0911-5245-4B62-A72C-C854708A5FAB}.Debug|Any CPU.ActiveCfg = Debug|Any CPU
		{AA7C0911-5245-4B62-A72C-C854708A5FAB}.Debug|Any CPU.Build.0 = Debug|Any CPU
		{AA7C0911-5245-4B62-A72C-C854708A5FAB}.Debug|x64.ActiveCfg = Debug|Any CPU
		{AA7C0911-5245-4B62-A72C-C854708A5FAB}.Debug|x64.Build.0 = Debug|Any CPU
		{AA7C0911-5245-4B62-A72C-C854708A5FAB}.Debug|x86.ActiveCfg = Debug|Any CPU
		{AA7C0911-5245-4B62-A72C-C854708A5FAB}.Debug|x86.Build.0 = Debug|Any CPU
		{AA7C0911-5245-4B62-A72C-C854708A5FAB}.Release|Any CPU.ActiveCfg = Release|Any CPU
		{AA7C0911-5245-4B62-A72C-C854708A5FAB}.Release|Any CPU.Build.0 = Release|Any CPU
		{AA7C0911-5245-4B62-A72C-C854708A5FAB}.Release|x64.ActiveCfg = Release|Any CPU
		{AA7C0911-5245-4B62-A72C-C854708A5FAB}.Release|x64.Build.0 = Release|Any CPU
		{AA7C0911-5245-4B62-A72C-C854708A5FAB}.Release|x86.ActiveCfg = Release|Any CPU
		{AA7C0911-5245-4B62-A72C-C854708A5FAB}.Release|x86.Build.0 = Release|Any CPU
		{E0C81FF3-B7AD-408E-86AE-FAE72C3935C2}.Debug|Any CPU.ActiveCfg = Debug|Any CPU
		{E0C81FF3-B7AD-408E-86AE-FAE72C3935C2}.Debug|Any CPU.Build.0 = Debug|Any CPU
		{E0C81FF3-B7AD-408E-86AE-FAE72C3935C2}.Debug|x64.ActiveCfg = Debug|Any CPU
		{E0C81FF3-B7AD-408E-86AE-FAE72C3935C2}.Debug|x64.Build.0 = Debug|Any CPU
		{E0C81FF3-B7AD-408E-86AE-FAE72C3935C2}.Debug|x86.ActiveCfg = Debug|Any CPU
		{E0C81FF3-B7AD-408E-86AE-FAE72C3935C2}.Debug|x86.Build.0 = Debug|Any CPU
		{E0C81FF3-B7AD-408E-86AE-FAE72C3935C2}.Release|Any CPU.ActiveCfg = Release|Any CPU
		{E0C81FF3-B7AD-408E-86AE-FAE72C3935C2}.Release|Any CPU.Build.0 = Release|Any CPU
		{E0C81FF3-B7AD-408E-86AE-FAE72C3935C2}.Release|x64.ActiveCfg = Release|Any CPU
		{E0C81FF3-B7AD-408E-86AE-FAE72C3935C2}.Release|x64.Build.0 = Release|Any CPU
		{E0C81FF3-B7AD-408E-86AE-FAE72C3935C2}.Release|x86.ActiveCfg = Release|Any CPU
		{E0C81FF3-B7AD-408E-86AE-FAE72C3935C2}.Release|x86.Build.0 = Release|Any CPU
		{59EAD0F6-95CE-4539-A713-98A65693586A}.Debug|Any CPU.ActiveCfg = Debug|Any CPU
		{59EAD0F6-95CE-4539-A713-98A65693586A}.Debug|Any CPU.Build.0 = Debug|Any CPU
		{59EAD0F6-95CE-4539-A713-98A65693586A}.Debug|x64.ActiveCfg = Debug|Any CPU
		{59EAD0F6-95CE-4539-A713-98A65693586A}.Debug|x64.Build.0 = Debug|Any CPU
		{59EAD0F6-95CE-4539-A713-98A65693586A}.Debug|x86.ActiveCfg = Debug|Any CPU
		{59EAD0F6-95CE-4539-A713-98A65693586A}.Debug|x86.Build.0 = Debug|Any CPU
		{59EAD0F6-95CE-4539-A713-98A65693586A}.Release|Any CPU.ActiveCfg = Release|Any CPU
		{59EAD0F6-95CE-4539-A713-98A65693586A}.Release|Any CPU.Build.0 = Release|Any CPU
		{59EAD0F6-95CE-4539-A713-98A65693586A}.Release|x64.ActiveCfg = Release|Any CPU
		{59EAD0F6-95CE-4539-A713-98A65693586A}.Release|x64.Build.0 = Release|Any CPU
		{59EAD0F6-95CE-4539-A713-98A65693586A}.Release|x86.ActiveCfg = Release|Any CPU
		{59EAD0F6-95CE-4539-A713-98A65693586A}.Release|x86.Build.0 = Release|Any CPU
		{C076C217-ECB3-4001-A5BA-C0FF2A2B1029}.Debug|Any CPU.ActiveCfg = Debug|Any CPU
		{C076C217-ECB3-4001-A5BA-C0FF2A2B1029}.Debug|Any CPU.Build.0 = Debug|Any CPU
		{C076C217-ECB3-4001-A5BA-C0FF2A2B1029}.Debug|x64.ActiveCfg = Debug|Any CPU
		{C076C217-ECB3-4001-A5BA-C0FF2A2B1029}.Debug|x64.Build.0 = Debug|Any CPU
		{C076C217-ECB3-4001-A5BA-C0FF2A2B1029}.Debug|x86.ActiveCfg = Debug|Any CPU
		{C076C217-ECB3-4001-A5BA-C0FF2A2B1029}.Debug|x86.Build.0 = Debug|Any CPU
		{C076C217-ECB3-4001-A5BA-C0FF2A2B1029}.Release|Any CPU.ActiveCfg = Release|Any CPU
		{C076C217-ECB3-4001-A5BA-C0FF2A2B1029}.Release|Any CPU.Build.0 = Release|Any CPU
		{C076C217-ECB3-4001-A5BA-C0FF2A2B1029}.Release|x64.ActiveCfg = Release|Any CPU
		{C076C217-ECB3-4001-A5BA-C0FF2A2B1029}.Release|x64.Build.0 = Release|Any CPU
		{C076C217-ECB3-4001-A5BA-C0FF2A2B1029}.Release|x86.ActiveCfg = Release|Any CPU
		{C076C217-ECB3-4001-A5BA-C0FF2A2B1029}.Release|x86.Build.0 = Release|Any CPU
		{388FF0A8-ACB4-4E6C-B975-7270ED9EAC9E}.Debug|Any CPU.ActiveCfg = Debug|Any CPU
		{388FF0A8-ACB4-4E6C-B975-7270ED9EAC9E}.Debug|Any CPU.Build.0 = Debug|Any CPU
		{388FF0A8-ACB4-4E6C-B975-7270ED9EAC9E}.Debug|x64.ActiveCfg = Debug|Any CPU
		{388FF0A8-ACB4-4E6C-B975-7270ED9EAC9E}.Debug|x64.Build.0 = Debug|Any CPU
		{388FF0A8-ACB4-4E6C-B975-7270ED9EAC9E}.Debug|x86.ActiveCfg = Debug|Any CPU
		{388FF0A8-ACB4-4E6C-B975-7270ED9EAC9E}.Debug|x86.Build.0 = Debug|Any CPU
		{388FF0A8-ACB4-4E6C-B975-7270ED9EAC9E}.Release|Any CPU.ActiveCfg = Release|Any CPU
		{388FF0A8-ACB4-4E6C-B975-7270ED9EAC9E}.Release|Any CPU.Build.0 = Release|Any CPU
		{388FF0A8-ACB4-4E6C-B975-7270ED9EAC9E}.Release|x64.ActiveCfg = Release|Any CPU
		{388FF0A8-ACB4-4E6C-B975-7270ED9EAC9E}.Release|x64.Build.0 = Release|Any CPU
		{388FF0A8-ACB4-4E6C-B975-7270ED9EAC9E}.Release|x86.ActiveCfg = Release|Any CPU
		{388FF0A8-ACB4-4E6C-B975-7270ED9EAC9E}.Release|x86.Build.0 = Release|Any CPU
	EndGlobalSection
	GlobalSection(SolutionProperties) = preSolution
		HideSolutionNode = FALSE
	EndGlobalSection
	GlobalSection(NestedProjects) = preSolution
		{2F7723C1-297B-416F-9A78-153156D319B9} = {3778527A-F81C-47A1-AB4E-456616AB2B12}
		{FAE8AF1B-5004-42B6-8B42-EFF1DB5B677F} = {3778527A-F81C-47A1-AB4E-456616AB2B12}
		{AC9F325F-A3FF-4561-941E-49CE4736CBD0} = {3778527A-F81C-47A1-AB4E-456616AB2B12}
		{47C8DFA4-E7E9-4E44-86C4-B906229A25E0} = {3778527A-F81C-47A1-AB4E-456616AB2B12}
		{5FC3A02C-33B5-4E32-8512-7053474D9C57} = {3778527A-F81C-47A1-AB4E-456616AB2B12}
		{075292F0-DBCD-4A01-9791-9637D396CCB8} = {3778527A-F81C-47A1-AB4E-456616AB2B12}
		{7FB0604B-44CD-4DB1-99C5-E89EA6C20AEC} = {3778527A-F81C-47A1-AB4E-456616AB2B12}
		{E0C81FF3-B7AD-408E-86AE-FAE72C3935C2} = {3778527A-F81C-47A1-AB4E-456616AB2B12}
		{59EAD0F6-95CE-4539-A713-98A65693586A} = {76681392-9D8A-4D2A-861A-45B9E07A22CE}
		{C076C217-ECB3-4001-A5BA-C0FF2A2B1029} = {76681392-9D8A-4D2A-861A-45B9E07A22CE}
		{388FF0A8-ACB4-4E6C-B975-7270ED9EAC9E} = {76681392-9D8A-4D2A-861A-45B9E07A22CE}
	EndGlobalSection
	GlobalSection(ExtensibilityGlobals) = postSolution
		SolutionGuid = {34584677-C555-4540-BBB0-527798A17725}
	EndGlobalSection
EndGlobal
