
Microsoft Visual Studio Solution File, Format Version 12.00
# Visual Studio 14
VisualStudioVersion = 14.0.25420.1
MinimumVisualStudioVersion = 10.0.40219.1
Project("{FAE04EC0-301F-11D3-BF4B-00C04F79EFBC}") = "Infusion", "UltimaRX\Infusion.csproj", "{22E3BD2C-8FFE-4D11-8FD8-7764F40F3324}"
EndProject
Project("{FAE04EC0-301F-11D3-BF4B-00C04F79EFBC}") = "Infusion.Tests", "UltimaRX.Tests\Infusion.Tests.csproj", "{F6658DAD-8158-4105-A9F4-AEDF23748FAE}"
EndProject
Project("{FAE04EC0-301F-11D3-BF4B-00C04F79EFBC}") = "Infusion.Proxy", "UltimaRX.Proxy\Infusion.Proxy.csproj", "{5E814151-7F4C-4D71-BCB2-97FD303F04A8}"
EndProject
Project("{FAE04EC0-301F-11D3-BF4B-00C04F79EFBC}") = "EreborScripts", "EreborScripts\EreborScripts.csproj", "{C246A6DA-D4D2-4602-AE43-2AB9EC587B66}"
EndProject
Project("{FAE04EC0-301F-11D3-BF4B-00C04F79EFBC}") = "Infusion.Proxy.Tests", "UltimaRX.Proxy.Tests\Infusion.Proxy.Tests.csproj", "{DFCE9C0F-0E66-4637-BAE9-0EE4D652EA19}"
EndProject
Project("{FAE04EC0-301F-11D3-BF4B-00C04F79EFBC}") = "Ultima", "UltimaSdk\Ultima.csproj", "{5D66ACE6-B2A4-400F-B5A5-24525959AC5C}"
EndProject
Project("{FAE04EC0-301F-11D3-BF4B-00C04F79EFBC}") = "Infusion.Desktop", "Infusion.Desktop\Infusion.Desktop.csproj", "{CEB9DE65-59E5-4186-A11E-E797F86B97B1}"
EndProject
Project("{FAE04EC0-301F-11D3-BF4B-00C04F79EFBC}") = "Infusion.Desktop.Tests", "Infusion.Desktop.Tests\Infusion.Desktop.Tests.csproj", "{25DEA130-DFF6-4C54-9A40-2C911645E607}"
EndProject
Project("{2150E333-8FDC-42A3-9474-1A3956D46DE8}") = "RoslynPad", "RoslynPad", "{3778527A-F81C-47A1-AB4E-456616AB2B12}"
EndProject
Project("{FAE04EC0-301F-11D3-BF4B-00C04F79EFBC}") = "RoslynPad", "RoslynPad\src\RoslynPad\RoslynPad.csproj", "{2F7723C1-297B-416F-9A78-153156D319B9}"
EndProject
Project("{FAE04EC0-301F-11D3-BF4B-00C04F79EFBC}") = "RoslynPad.Common", "RoslynPad\src\RoslynPad.Common\RoslynPad.Common.csproj", "{FAE8AF1B-5004-42B6-8B42-EFF1DB5B677F}"
EndProject
Project("{FAE04EC0-301F-11D3-BF4B-00C04F79EFBC}") = "RoslynPad.Roslyn", "RoslynPad\src\RoslynPad.Roslyn\RoslynPad.Roslyn.csproj", "{AC9F325F-A3FF-4561-941E-49CE4736CBD0}"
EndProject
Project("{FAE04EC0-301F-11D3-BF4B-00C04F79EFBC}") = "RoslynPad.Common.UI", "RoslynPad\src\RoslynPad.Common.UI\RoslynPad.Common.UI.csproj", "{47C8DFA4-E7E9-4E44-86C4-B906229A25E0}"
EndProject
Project("{FAE04EC0-301F-11D3-BF4B-00C04F79EFBC}") = "RoslynPad.Editor.Windows", "RoslynPad\src\RoslynPad.Editor.Windows\RoslynPad.Editor.Windows.csproj", "{5FC3A02C-33B5-4E32-8512-7053474D9C57}"
EndProject
Project("{FAE04EC0-301F-11D3-BF4B-00C04F79EFBC}") = "RoslynPad.Roslyn.Windows", "RoslynPad\src\RoslynPad.Roslyn.Windows\RoslynPad.Roslyn.Windows.csproj", "{075292F0-DBCD-4A01-9791-9637D396CCB8}"
EndProject
Global
	GlobalSection(SolutionConfigurationPlatforms) = preSolution
		Debug|Any CPU = Debug|Any CPU
		Debug|x64 = Debug|x64
		Debug|x86 = Debug|x86
		Release|Any CPU = Release|Any CPU
		Release|x64 = Release|x64
		Release|x86 = Release|x86
	EndGlobalSection
	GlobalSection(ProjectConfigurationPlatforms) = postSolution
		{22E3BD2C-8FFE-4D11-8FD8-7764F40F3324}.Debug|Any CPU.ActiveCfg = Debug|Any CPU
		{22E3BD2C-8FFE-4D11-8FD8-7764F40F3324}.Debug|Any CPU.Build.0 = Debug|Any CPU
		{22E3BD2C-8FFE-4D11-8FD8-7764F40F3324}.Debug|x64.ActiveCfg = Debug|Any CPU
		{22E3BD2C-8FFE-4D11-8FD8-7764F40F3324}.Debug|x64.Build.0 = Debug|Any CPU
		{22E3BD2C-8FFE-4D11-8FD8-7764F40F3324}.Debug|x86.ActiveCfg = Debug|Any CPU
		{22E3BD2C-8FFE-4D11-8FD8-7764F40F3324}.Debug|x86.Build.0 = Debug|Any CPU
		{22E3BD2C-8FFE-4D11-8FD8-7764F40F3324}.Release|Any CPU.ActiveCfg = Release|Any CPU
		{22E3BD2C-8FFE-4D11-8FD8-7764F40F3324}.Release|Any CPU.Build.0 = Release|Any CPU
		{22E3BD2C-8FFE-4D11-8FD8-7764F40F3324}.Release|x64.ActiveCfg = Release|Any CPU
		{22E3BD2C-8FFE-4D11-8FD8-7764F40F3324}.Release|x64.Build.0 = Release|Any CPU
		{22E3BD2C-8FFE-4D11-8FD8-7764F40F3324}.Release|x86.ActiveCfg = Release|Any CPU
		{22E3BD2C-8FFE-4D11-8FD8-7764F40F3324}.Release|x86.Build.0 = Release|Any CPU
		{F6658DAD-8158-4105-A9F4-AEDF23748FAE}.Debug|Any CPU.ActiveCfg = Debug|Any CPU
		{F6658DAD-8158-4105-A9F4-AEDF23748FAE}.Debug|Any CPU.Build.0 = Debug|Any CPU
		{F6658DAD-8158-4105-A9F4-AEDF23748FAE}.Debug|x64.ActiveCfg = Debug|Any CPU
		{F6658DAD-8158-4105-A9F4-AEDF23748FAE}.Debug|x64.Build.0 = Debug|Any CPU
		{F6658DAD-8158-4105-A9F4-AEDF23748FAE}.Debug|x86.ActiveCfg = Debug|Any CPU
		{F6658DAD-8158-4105-A9F4-AEDF23748FAE}.Debug|x86.Build.0 = Debug|Any CPU
		{F6658DAD-8158-4105-A9F4-AEDF23748FAE}.Release|Any CPU.ActiveCfg = Release|Any CPU
		{F6658DAD-8158-4105-A9F4-AEDF23748FAE}.Release|Any CPU.Build.0 = Release|Any CPU
		{F6658DAD-8158-4105-A9F4-AEDF23748FAE}.Release|x64.ActiveCfg = Release|Any CPU
		{F6658DAD-8158-4105-A9F4-AEDF23748FAE}.Release|x64.Build.0 = Release|Any CPU
		{F6658DAD-8158-4105-A9F4-AEDF23748FAE}.Release|x86.ActiveCfg = Release|Any CPU
		{F6658DAD-8158-4105-A9F4-AEDF23748FAE}.Release|x86.Build.0 = Release|Any CPU
		{5E814151-7F4C-4D71-BCB2-97FD303F04A8}.Debug|Any CPU.ActiveCfg = Debug|Any CPU
		{5E814151-7F4C-4D71-BCB2-97FD303F04A8}.Debug|Any CPU.Build.0 = Debug|Any CPU
		{5E814151-7F4C-4D71-BCB2-97FD303F04A8}.Debug|x64.ActiveCfg = Debug|Any CPU
		{5E814151-7F4C-4D71-BCB2-97FD303F04A8}.Debug|x64.Build.0 = Debug|Any CPU
		{5E814151-7F4C-4D71-BCB2-97FD303F04A8}.Debug|x86.ActiveCfg = Debug|Any CPU
		{5E814151-7F4C-4D71-BCB2-97FD303F04A8}.Debug|x86.Build.0 = Debug|Any CPU
		{5E814151-7F4C-4D71-BCB2-97FD303F04A8}.Release|Any CPU.ActiveCfg = Release|Any CPU
		{5E814151-7F4C-4D71-BCB2-97FD303F04A8}.Release|Any CPU.Build.0 = Release|Any CPU
		{5E814151-7F4C-4D71-BCB2-97FD303F04A8}.Release|x64.ActiveCfg = Release|Any CPU
		{5E814151-7F4C-4D71-BCB2-97FD303F04A8}.Release|x64.Build.0 = Release|Any CPU
		{5E814151-7F4C-4D71-BCB2-97FD303F04A8}.Release|x86.ActiveCfg = Release|Any CPU
		{5E814151-7F4C-4D71-BCB2-97FD303F04A8}.Release|x86.Build.0 = Release|Any CPU
		{C246A6DA-D4D2-4602-AE43-2AB9EC587B66}.Debug|Any CPU.ActiveCfg = Debug|Any CPU
		{C246A6DA-D4D2-4602-AE43-2AB9EC587B66}.Debug|Any CPU.Build.0 = Debug|Any CPU
		{C246A6DA-D4D2-4602-AE43-2AB9EC587B66}.Debug|x64.ActiveCfg = Debug|Any CPU
		{C246A6DA-D4D2-4602-AE43-2AB9EC587B66}.Debug|x64.Build.0 = Debug|Any CPU
		{C246A6DA-D4D2-4602-AE43-2AB9EC587B66}.Debug|x86.ActiveCfg = Debug|Any CPU
		{C246A6DA-D4D2-4602-AE43-2AB9EC587B66}.Debug|x86.Build.0 = Debug|Any CPU
		{C246A6DA-D4D2-4602-AE43-2AB9EC587B66}.Release|Any CPU.ActiveCfg = Release|Any CPU
		{C246A6DA-D4D2-4602-AE43-2AB9EC587B66}.Release|Any CPU.Build.0 = Release|Any CPU
		{C246A6DA-D4D2-4602-AE43-2AB9EC587B66}.Release|x64.ActiveCfg = Release|Any CPU
		{C246A6DA-D4D2-4602-AE43-2AB9EC587B66}.Release|x64.Build.0 = Release|Any CPU
		{C246A6DA-D4D2-4602-AE43-2AB9EC587B66}.Release|x86.ActiveCfg = Release|Any CPU
		{C246A6DA-D4D2-4602-AE43-2AB9EC587B66}.Release|x86.Build.0 = Release|Any CPU
		{DFCE9C0F-0E66-4637-BAE9-0EE4D652EA19}.Debug|Any CPU.ActiveCfg = Debug|Any CPU
		{DFCE9C0F-0E66-4637-BAE9-0EE4D652EA19}.Debug|Any CPU.Build.0 = Debug|Any CPU
		{DFCE9C0F-0E66-4637-BAE9-0EE4D652EA19}.Debug|x64.ActiveCfg = Debug|Any CPU
		{DFCE9C0F-0E66-4637-BAE9-0EE4D652EA19}.Debug|x64.Build.0 = Debug|Any CPU
		{DFCE9C0F-0E66-4637-BAE9-0EE4D652EA19}.Debug|x86.ActiveCfg = Debug|Any CPU
		{DFCE9C0F-0E66-4637-BAE9-0EE4D652EA19}.Debug|x86.Build.0 = Debug|Any CPU
		{DFCE9C0F-0E66-4637-BAE9-0EE4D652EA19}.Release|Any CPU.ActiveCfg = Release|Any CPU
		{DFCE9C0F-0E66-4637-BAE9-0EE4D652EA19}.Release|Any CPU.Build.0 = Release|Any CPU
		{DFCE9C0F-0E66-4637-BAE9-0EE4D652EA19}.Release|x64.ActiveCfg = Release|Any CPU
		{DFCE9C0F-0E66-4637-BAE9-0EE4D652EA19}.Release|x64.Build.0 = Release|Any CPU
		{DFCE9C0F-0E66-4637-BAE9-0EE4D652EA19}.Release|x86.ActiveCfg = Release|Any CPU
		{DFCE9C0F-0E66-4637-BAE9-0EE4D652EA19}.Release|x86.Build.0 = Release|Any CPU
		{5D66ACE6-B2A4-400F-B5A5-24525959AC5C}.Debug|Any CPU.ActiveCfg = Debug|Any CPU
		{5D66ACE6-B2A4-400F-B5A5-24525959AC5C}.Debug|Any CPU.Build.0 = Debug|Any CPU
		{5D66ACE6-B2A4-400F-B5A5-24525959AC5C}.Debug|x64.ActiveCfg = Debug|Any CPU
		{5D66ACE6-B2A4-400F-B5A5-24525959AC5C}.Debug|x64.Build.0 = Debug|Any CPU
		{5D66ACE6-B2A4-400F-B5A5-24525959AC5C}.Debug|x86.ActiveCfg = Debug|Any CPU
		{5D66ACE6-B2A4-400F-B5A5-24525959AC5C}.Debug|x86.Build.0 = Debug|Any CPU
		{5D66ACE6-B2A4-400F-B5A5-24525959AC5C}.Release|Any CPU.ActiveCfg = Release|Any CPU
		{5D66ACE6-B2A4-400F-B5A5-24525959AC5C}.Release|Any CPU.Build.0 = Release|Any CPU
		{5D66ACE6-B2A4-400F-B5A5-24525959AC5C}.Release|x64.ActiveCfg = Release|Any CPU
		{5D66ACE6-B2A4-400F-B5A5-24525959AC5C}.Release|x64.Build.0 = Release|Any CPU
		{5D66ACE6-B2A4-400F-B5A5-24525959AC5C}.Release|x86.ActiveCfg = Release|Any CPU
		{5D66ACE6-B2A4-400F-B5A5-24525959AC5C}.Release|x86.Build.0 = Release|Any CPU
		{CEB9DE65-59E5-4186-A11E-E797F86B97B1}.Debug|Any CPU.ActiveCfg = Debug|Any CPU
		{CEB9DE65-59E5-4186-A11E-E797F86B97B1}.Debug|Any CPU.Build.0 = Debug|Any CPU
		{CEB9DE65-59E5-4186-A11E-E797F86B97B1}.Debug|x64.ActiveCfg = Debug|Any CPU
		{CEB9DE65-59E5-4186-A11E-E797F86B97B1}.Debug|x64.Build.0 = Debug|Any CPU
		{CEB9DE65-59E5-4186-A11E-E797F86B97B1}.Debug|x86.ActiveCfg = Debug|Any CPU
		{CEB9DE65-59E5-4186-A11E-E797F86B97B1}.Debug|x86.Build.0 = Debug|Any CPU
		{CEB9DE65-59E5-4186-A11E-E797F86B97B1}.Release|Any CPU.ActiveCfg = Release|Any CPU
		{CEB9DE65-59E5-4186-A11E-E797F86B97B1}.Release|Any CPU.Build.0 = Release|Any CPU
		{CEB9DE65-59E5-4186-A11E-E797F86B97B1}.Release|x64.ActiveCfg = Release|Any CPU
		{CEB9DE65-59E5-4186-A11E-E797F86B97B1}.Release|x64.Build.0 = Release|Any CPU
		{CEB9DE65-59E5-4186-A11E-E797F86B97B1}.Release|x86.ActiveCfg = Release|Any CPU
		{CEB9DE65-59E5-4186-A11E-E797F86B97B1}.Release|x86.Build.0 = Release|Any CPU
		{25DEA130-DFF6-4C54-9A40-2C911645E607}.Debug|Any CPU.ActiveCfg = Debug|Any CPU
		{25DEA130-DFF6-4C54-9A40-2C911645E607}.Debug|Any CPU.Build.0 = Debug|Any CPU
		{25DEA130-DFF6-4C54-9A40-2C911645E607}.Debug|x64.ActiveCfg = Debug|Any CPU
		{25DEA130-DFF6-4C54-9A40-2C911645E607}.Debug|x64.Build.0 = Debug|Any CPU
		{25DEA130-DFF6-4C54-9A40-2C911645E607}.Debug|x86.ActiveCfg = Debug|Any CPU
		{25DEA130-DFF6-4C54-9A40-2C911645E607}.Debug|x86.Build.0 = Debug|Any CPU
		{25DEA130-DFF6-4C54-9A40-2C911645E607}.Release|Any CPU.ActiveCfg = Release|Any CPU
		{25DEA130-DFF6-4C54-9A40-2C911645E607}.Release|Any CPU.Build.0 = Release|Any CPU
		{25DEA130-DFF6-4C54-9A40-2C911645E607}.Release|x64.ActiveCfg = Release|Any CPU
		{25DEA130-DFF6-4C54-9A40-2C911645E607}.Release|x64.Build.0 = Release|Any CPU
		{25DEA130-DFF6-4C54-9A40-2C911645E607}.Release|x86.ActiveCfg = Release|Any CPU
		{25DEA130-DFF6-4C54-9A40-2C911645E607}.Release|x86.Build.0 = Release|Any CPU
		{2F7723C1-297B-416F-9A78-153156D319B9}.Debug|Any CPU.ActiveCfg = Debug|Any CPU
		{2F7723C1-297B-416F-9A78-153156D319B9}.Debug|Any CPU.Build.0 = Debug|Any CPU
		{2F7723C1-297B-416F-9A78-153156D319B9}.Debug|x64.ActiveCfg = Debug|Any CPU
		{2F7723C1-297B-416F-9A78-153156D319B9}.Debug|x64.Build.0 = Debug|Any CPU
		{2F7723C1-297B-416F-9A78-153156D319B9}.Debug|x86.ActiveCfg = Debug|Any CPU
		{2F7723C1-297B-416F-9A78-153156D319B9}.Debug|x86.Build.0 = Debug|Any CPU
		{2F7723C1-297B-416F-9A78-153156D319B9}.Release|Any CPU.ActiveCfg = Release|Any CPU
		{2F7723C1-297B-416F-9A78-153156D319B9}.Release|Any CPU.Build.0 = Release|Any CPU
		{2F7723C1-297B-416F-9A78-153156D319B9}.Release|x64.ActiveCfg = Release|Any CPU
		{2F7723C1-297B-416F-9A78-153156D319B9}.Release|x64.Build.0 = Release|Any CPU
		{2F7723C1-297B-416F-9A78-153156D319B9}.Release|x86.ActiveCfg = Release|Any CPU
		{2F7723C1-297B-416F-9A78-153156D319B9}.Release|x86.Build.0 = Release|Any CPU
		{FAE8AF1B-5004-42B6-8B42-EFF1DB5B677F}.Debug|Any CPU.ActiveCfg = Debug|Any CPU
		{FAE8AF1B-5004-42B6-8B42-EFF1DB5B677F}.Debug|Any CPU.Build.0 = Debug|Any CPU
		{FAE8AF1B-5004-42B6-8B42-EFF1DB5B677F}.Debug|x64.ActiveCfg = Debug|Any CPU
		{FAE8AF1B-5004-42B6-8B42-EFF1DB5B677F}.Debug|x64.Build.0 = Debug|Any CPU
		{FAE8AF1B-5004-42B6-8B42-EFF1DB5B677F}.Debug|x86.ActiveCfg = Debug|Any CPU
		{FAE8AF1B-5004-42B6-8B42-EFF1DB5B677F}.Debug|x86.Build.0 = Debug|Any CPU
		{FAE8AF1B-5004-42B6-8B42-EFF1DB5B677F}.Release|Any CPU.ActiveCfg = Release|Any CPU
		{FAE8AF1B-5004-42B6-8B42-EFF1DB5B677F}.Release|Any CPU.Build.0 = Release|Any CPU
		{FAE8AF1B-5004-42B6-8B42-EFF1DB5B677F}.Release|x64.ActiveCfg = Release|Any CPU
		{FAE8AF1B-5004-42B6-8B42-EFF1DB5B677F}.Release|x64.Build.0 = Release|Any CPU
		{FAE8AF1B-5004-42B6-8B42-EFF1DB5B677F}.Release|x86.ActiveCfg = Release|Any CPU
		{FAE8AF1B-5004-42B6-8B42-EFF1DB5B677F}.Release|x86.Build.0 = Release|Any CPU
		{AC9F325F-A3FF-4561-941E-49CE4736CBD0}.Debug|Any CPU.ActiveCfg = Debug|Any CPU
		{AC9F325F-A3FF-4561-941E-49CE4736CBD0}.Debug|Any CPU.Build.0 = Debug|Any CPU
		{AC9F325F-A3FF-4561-941E-49CE4736CBD0}.Debug|x64.ActiveCfg = Debug|Any CPU
		{AC9F325F-A3FF-4561-941E-49CE4736CBD0}.Debug|x64.Build.0 = Debug|Any CPU
		{AC9F325F-A3FF-4561-941E-49CE4736CBD0}.Debug|x86.ActiveCfg = Debug|Any CPU
		{AC9F325F-A3FF-4561-941E-49CE4736CBD0}.Debug|x86.Build.0 = Debug|Any CPU
		{AC9F325F-A3FF-4561-941E-49CE4736CBD0}.Release|Any CPU.ActiveCfg = Release|Any CPU
		{AC9F325F-A3FF-4561-941E-49CE4736CBD0}.Release|Any CPU.Build.0 = Release|Any CPU
		{AC9F325F-A3FF-4561-941E-49CE4736CBD0}.Release|x64.ActiveCfg = Release|Any CPU
		{AC9F325F-A3FF-4561-941E-49CE4736CBD0}.Release|x64.Build.0 = Release|Any CPU
		{AC9F325F-A3FF-4561-941E-49CE4736CBD0}.Release|x86.ActiveCfg = Release|Any CPU
		{AC9F325F-A3FF-4561-941E-49CE4736CBD0}.Release|x86.Build.0 = Release|Any CPU
		{47C8DFA4-E7E9-4E44-86C4-B906229A25E0}.Debug|Any CPU.ActiveCfg = Debug|Any CPU
		{47C8DFA4-E7E9-4E44-86C4-B906229A25E0}.Debug|Any CPU.Build.0 = Debug|Any CPU
		{47C8DFA4-E7E9-4E44-86C4-B906229A25E0}.Debug|x64.ActiveCfg = Debug|Any CPU
		{47C8DFA4-E7E9-4E44-86C4-B906229A25E0}.Debug|x64.Build.0 = Debug|Any CPU
		{47C8DFA4-E7E9-4E44-86C4-B906229A25E0}.Debug|x86.ActiveCfg = Debug|Any CPU
		{47C8DFA4-E7E9-4E44-86C4-B906229A25E0}.Debug|x86.Build.0 = Debug|Any CPU
		{47C8DFA4-E7E9-4E44-86C4-B906229A25E0}.Release|Any CPU.ActiveCfg = Release|Any CPU
		{47C8DFA4-E7E9-4E44-86C4-B906229A25E0}.Release|Any CPU.Build.0 = Release|Any CPU
		{47C8DFA4-E7E9-4E44-86C4-B906229A25E0}.Release|x64.ActiveCfg = Release|Any CPU
		{47C8DFA4-E7E9-4E44-86C4-B906229A25E0}.Release|x64.Build.0 = Release|Any CPU
		{47C8DFA4-E7E9-4E44-86C4-B906229A25E0}.Release|x86.ActiveCfg = Release|Any CPU
		{47C8DFA4-E7E9-4E44-86C4-B906229A25E0}.Release|x86.Build.0 = Release|Any CPU
		{5FC3A02C-33B5-4E32-8512-7053474D9C57}.Debug|Any CPU.ActiveCfg = Debug|Any CPU
		{5FC3A02C-33B5-4E32-8512-7053474D9C57}.Debug|Any CPU.Build.0 = Debug|Any CPU
		{5FC3A02C-33B5-4E32-8512-7053474D9C57}.Debug|x64.ActiveCfg = Debug|Any CPU
		{5FC3A02C-33B5-4E32-8512-7053474D9C57}.Debug|x64.Build.0 = Debug|Any CPU
		{5FC3A02C-33B5-4E32-8512-7053474D9C57}.Debug|x86.ActiveCfg = Debug|Any CPU
		{5FC3A02C-33B5-4E32-8512-7053474D9C57}.Debug|x86.Build.0 = Debug|Any CPU
		{5FC3A02C-33B5-4E32-8512-7053474D9C57}.Release|Any CPU.ActiveCfg = Release|Any CPU
		{5FC3A02C-33B5-4E32-8512-7053474D9C57}.Release|Any CPU.Build.0 = Release|Any CPU
		{5FC3A02C-33B5-4E32-8512-7053474D9C57}.Release|x64.ActiveCfg = Release|Any CPU
		{5FC3A02C-33B5-4E32-8512-7053474D9C57}.Release|x64.Build.0 = Release|Any CPU
		{5FC3A02C-33B5-4E32-8512-7053474D9C57}.Release|x86.ActiveCfg = Release|Any CPU
		{5FC3A02C-33B5-4E32-8512-7053474D9C57}.Release|x86.Build.0 = Release|Any CPU
		{075292F0-DBCD-4A01-9791-9637D396CCB8}.Debug|Any CPU.ActiveCfg = Debug|Any CPU
		{075292F0-DBCD-4A01-9791-9637D396CCB8}.Debug|Any CPU.Build.0 = Debug|Any CPU
		{075292F0-DBCD-4A01-9791-9637D396CCB8}.Debug|x64.ActiveCfg = Debug|Any CPU
		{075292F0-DBCD-4A01-9791-9637D396CCB8}.Debug|x64.Build.0 = Debug|Any CPU
		{075292F0-DBCD-4A01-9791-9637D396CCB8}.Debug|x86.ActiveCfg = Debug|Any CPU
		{075292F0-DBCD-4A01-9791-9637D396CCB8}.Debug|x86.Build.0 = Debug|Any CPU
		{075292F0-DBCD-4A01-9791-9637D396CCB8}.Release|Any CPU.ActiveCfg = Release|Any CPU
		{075292F0-DBCD-4A01-9791-9637D396CCB8}.Release|Any CPU.Build.0 = Release|Any CPU
		{075292F0-DBCD-4A01-9791-9637D396CCB8}.Release|x64.ActiveCfg = Release|Any CPU
		{075292F0-DBCD-4A01-9791-9637D396CCB8}.Release|x64.Build.0 = Release|Any CPU
		{075292F0-DBCD-4A01-9791-9637D396CCB8}.Release|x86.ActiveCfg = Release|Any CPU
		{075292F0-DBCD-4A01-9791-9637D396CCB8}.Release|x86.Build.0 = Release|Any CPU
	EndGlobalSection
	GlobalSection(SolutionProperties) = preSolution
		HideSolutionNode = FALSE
	EndGlobalSection
	GlobalSection(NestedProjects) = preSolution
		{2F7723C1-297B-416F-9A78-153156D319B9} = {3778527A-F81C-47A1-AB4E-456616AB2B12}
		{FAE8AF1B-5004-42B6-8B42-EFF1DB5B677F} = {3778527A-F81C-47A1-AB4E-456616AB2B12}
		{AC9F325F-A3FF-4561-941E-49CE4736CBD0} = {3778527A-F81C-47A1-AB4E-456616AB2B12}
		{47C8DFA4-E7E9-4E44-86C4-B906229A25E0} = {3778527A-F81C-47A1-AB4E-456616AB2B12}
		{5FC3A02C-33B5-4E32-8512-7053474D9C57} = {3778527A-F81C-47A1-AB4E-456616AB2B12}
		{075292F0-DBCD-4A01-9791-9637D396CCB8} = {3778527A-F81C-47A1-AB4E-456616AB2B12}
	EndGlobalSection
EndGlobal
