
Microsoft Visual Studio Solution File, Format Version 12.00
# Visual Studio 14
VisualStudioVersion = 14.0.25420.1
MinimumVisualStudioVersion = 10.0.40219.1
Project("{FAE04EC0-301F-11D3-BF4B-00C04F79EFBC}") = "UltimaRX", "UltimaRX\UltimaRX.csproj", "{22E3BD2C-8FFE-4D11-8FD8-7764F40F3324}"
EndProject
Project("{FAE04EC0-301F-11D3-BF4B-00C04F79EFBC}") = "UltimaRX.Tests", "UltimaRX.Tests\UltimaRX.Tests.csproj", "{F6658DAD-8158-4105-A9F4-AEDF23748FAE}"
EndProject
Project("{FAE04EC0-301F-11D3-BF4B-00C04F79EFBC}") = "UltimaRX.Proxy", "UltimaRX.Proxy\UltimaRX.Proxy.csproj", "{5E814151-7F4C-4D71-BCB2-97FD303F04A8}"
EndProject
Project("{FAE04EC0-301F-11D3-BF4B-00C04F79EFBC}") = "EreborScripts", "EreborScripts\EreborScripts.csproj", "{C246A6DA-D4D2-4602-AE43-2AB9EC587B66}"
EndProject
Project("{FAE04EC0-301F-11D3-BF4B-00C04F79EFBC}") = "UltimaRX.PacketParser", "UltimaRX.PacketParser\UltimaRX.PacketParser.csproj", "{E713F921-DC46-493C-91B1-A0BC2569CE71}"
EndProject
Project("{FAE04EC0-301F-11D3-BF4B-00C04F79EFBC}") = "UltimaRX.PacketParser.Tests", "UltimaRX.PacketParser.Tests\UltimaRX.PacketParser.Tests.csproj", "{EED62173-B1C0-4898-8ACB-214D67013916}"
EndProject
Global
	GlobalSection(SolutionConfigurationPlatforms) = preSolution
		Debug|Any CPU = Debug|Any CPU
		Release|Any CPU = Release|Any CPU
	EndGlobalSection
	GlobalSection(ProjectConfigurationPlatforms) = postSolution
		{22E3BD2C-8FFE-4D11-8FD8-7764F40F3324}.Debug|Any CPU.ActiveCfg = Debug|Any CPU
		{22E3BD2C-8FFE-4D11-8FD8-7764F40F3324}.Debug|Any CPU.Build.0 = Debug|Any CPU
		{22E3BD2C-8FFE-4D11-8FD8-7764F40F3324}.Release|Any CPU.ActiveCfg = Release|Any CPU
		{22E3BD2C-8FFE-4D11-8FD8-7764F40F3324}.Release|Any CPU.Build.0 = Release|Any CPU
		{F6658DAD-8158-4105-A9F4-AEDF23748FAE}.Debug|Any CPU.ActiveCfg = Debug|Any CPU
		{F6658DAD-8158-4105-A9F4-AEDF23748FAE}.Debug|Any CPU.Build.0 = Debug|Any CPU
		{F6658DAD-8158-4105-A9F4-AEDF23748FAE}.Release|Any CPU.ActiveCfg = Release|Any CPU
		{F6658DAD-8158-4105-A9F4-AEDF23748FAE}.Release|Any CPU.Build.0 = Release|Any CPU
		{5E814151-7F4C-4D71-BCB2-97FD303F04A8}.Debug|Any CPU.ActiveCfg = Debug|Any CPU
		{5E814151-7F4C-4D71-BCB2-97FD303F04A8}.Debug|Any CPU.Build.0 = Debug|Any CPU
		{5E814151-7F4C-4D71-BCB2-97FD303F04A8}.Release|Any CPU.ActiveCfg = Release|Any CPU
		{5E814151-7F4C-4D71-BCB2-97FD303F04A8}.Release|Any CPU.Build.0 = Release|Any CPU
		{C246A6DA-D4D2-4602-AE43-2AB9EC587B66}.Debug|Any CPU.ActiveCfg = Debug|Any CPU
		{C246A6DA-D4D2-4602-AE43-2AB9EC587B66}.Debug|Any CPU.Build.0 = Debug|Any CPU
		{C246A6DA-D4D2-4602-AE43-2AB9EC587B66}.Release|Any CPU.ActiveCfg = Release|Any CPU
		{C246A6DA-D4D2-4602-AE43-2AB9EC587B66}.Release|Any CPU.Build.0 = Release|Any CPU
		{E713F921-DC46-493C-91B1-A0BC2569CE71}.Debug|Any CPU.ActiveCfg = Debug|Any CPU
		{E713F921-DC46-493C-91B1-A0BC2569CE71}.Debug|Any CPU.Build.0 = Debug|Any CPU
		{E713F921-DC46-493C-91B1-A0BC2569CE71}.Release|Any CPU.ActiveCfg = Release|Any CPU
		{E713F921-DC46-493C-91B1-A0BC2569CE71}.Release|Any CPU.Build.0 = Release|Any CPU
		{EED62173-B1C0-4898-8ACB-214D67013916}.Debug|Any CPU.ActiveCfg = Debug|Any CPU
		{EED62173-B1C0-4898-8ACB-214D67013916}.Debug|Any CPU.Build.0 = Debug|Any CPU
		{EED62173-B1C0-4898-8ACB-214D67013916}.Release|Any CPU.ActiveCfg = Release|Any CPU
		{EED62173-B1C0-4898-8ACB-214D67013916}.Release|Any CPU.Build.0 = Release|Any CPU
	EndGlobalSection
	GlobalSection(SolutionProperties) = preSolution
		HideSolutionNode = FALSE
	EndGlobalSection
EndGlobal
