
Microsoft Visual Studio Solution File, Format Version 12.00
# Visual Studio Version 16
VisualStudioVersion = 16.0.28729.10
MinimumVisualStudioVersion = 10.0.40219.1
Project("{FAE04EC0-301F-11D3-BF4B-00C04F79EFBC}") = "Infusion.Scripts.UOErebor.Extensions", "Infusion.Scripts.UOErebor.Extensions\Infusion.Scripts.UOErebor.Extensions.csproj", "{C90DCBD3-9AEA-40F1-9BC1-5E1DD40CB9BC}"
EndProject
Project("{9A19103F-16F7-4668-BE54-9A1E7A4F7556}") = "Ultima", "..\..\..\UltimaSdk\Ultima.csproj", "{5D66ACE6-B2A4-400F-B5A5-24525959AC5C}"
EndProject
Project("{FAE04EC0-301F-11D3-BF4B-00C04F79EFBC}") = "StatusesTestApp", "StatusesTestApp\StatusesTestApp.csproj", "{E65C6187-EC73-41B9-AC91-61E91D4C0C47}"
EndProject
Project("{9A19103F-16F7-4668-BE54-9A1E7A4F7556}") = "Infusion", "..\..\..\Infusion\Infusion.csproj", "{22E3BD2C-8FFE-4D11-8FD8-7764F40F3324}"
EndProject
Project("{9A19103F-16F7-4668-BE54-9A1E7A4F7556}") = "Infusion.LegacyApi", "..\..\..\Infusion.LegacyApi\Infusion.LegacyApi.csproj", "{28A5CECE-9E74-4524-9DFD-238ED4DF12BA}"
EndProject
Project("{9A19103F-16F7-4668-BE54-9A1E7A4F7556}") = "InjectionScript", "..\..\..\InjectionScript\src\InjectionScript\InjectionScript.csproj", "{29B86AE3-827F-491D-9FBF-D4E340AD3D30}"
EndProject
Global
	GlobalSection(SolutionConfigurationPlatforms) = preSolution
		Debug|Any CPU = Debug|Any CPU
		Release|Any CPU = Release|Any CPU
	EndGlobalSection
	GlobalSection(ProjectConfigurationPlatforms) = postSolution
		{C90DCBD3-9AEA-40F1-9BC1-5E1DD40CB9BC}.Debug|Any CPU.ActiveCfg = Debug|Any CPU
		{C90DCBD3-9AEA-40F1-9BC1-5E1DD40CB9BC}.Debug|Any CPU.Build.0 = Debug|Any CPU
		{C90DCBD3-9AEA-40F1-9BC1-5E1DD40CB9BC}.Release|Any CPU.ActiveCfg = Release|Any CPU
		{C90DCBD3-9AEA-40F1-9BC1-5E1DD40CB9BC}.Release|Any CPU.Build.0 = Release|Any CPU
		{5D66ACE6-B2A4-400F-B5A5-24525959AC5C}.Debug|Any CPU.ActiveCfg = Debug|Any CPU
		{5D66ACE6-B2A4-400F-B5A5-24525959AC5C}.Debug|Any CPU.Build.0 = Debug|Any CPU
		{5D66ACE6-B2A4-400F-B5A5-24525959AC5C}.Release|Any CPU.ActiveCfg = Release|Any CPU
		{5D66ACE6-B2A4-400F-B5A5-24525959AC5C}.Release|Any CPU.Build.0 = Release|Any CPU
		{E65C6187-EC73-41B9-AC91-61E91D4C0C47}.Debug|Any CPU.ActiveCfg = Debug|Any CPU
		{E65C6187-EC73-41B9-AC91-61E91D4C0C47}.Debug|Any CPU.Build.0 = Debug|Any CPU
		{E65C6187-EC73-41B9-AC91-61E91D4C0C47}.Release|Any CPU.ActiveCfg = Release|Any CPU
		{E65C6187-EC73-41B9-AC91-61E91D4C0C47}.Release|Any CPU.Build.0 = Release|Any CPU
		{22E3BD2C-8FFE-4D11-8FD8-7764F40F3324}.Debug|Any CPU.ActiveCfg = Debug|Any CPU
		{22E3BD2C-8FFE-4D11-8FD8-7764F40F3324}.Debug|Any CPU.Build.0 = Debug|Any CPU
		{22E3BD2C-8FFE-4D11-8FD8-7764F40F3324}.Release|Any CPU.ActiveCfg = Release|Any CPU
		{22E3BD2C-8FFE-4D11-8FD8-7764F40F3324}.Release|Any CPU.Build.0 = Release|Any CPU
		{28A5CECE-9E74-4524-9DFD-238ED4DF12BA}.Debug|Any CPU.ActiveCfg = Debug|Any CPU
		{28A5CECE-9E74-4524-9DFD-238ED4DF12BA}.Debug|Any CPU.Build.0 = Debug|Any CPU
		{28A5CECE-9E74-4524-9DFD-238ED4DF12BA}.Release|Any CPU.ActiveCfg = Release|Any CPU
		{28A5CECE-9E74-4524-9DFD-238ED4DF12BA}.Release|Any CPU.Build.0 = Release|Any CPU
		{29B86AE3-827F-491D-9FBF-D4E340AD3D30}.Debug|Any CPU.ActiveCfg = Debug|Any CPU
		{29B86AE3-827F-491D-9FBF-D4E340AD3D30}.Debug|Any CPU.Build.0 = Debug|Any CPU
		{29B86AE3-827F-491D-9FBF-D4E340AD3D30}.Release|Any CPU.ActiveCfg = Release|Any CPU
		{29B86AE3-827F-491D-9FBF-D4E340AD3D30}.Release|Any CPU.Build.0 = Release|Any CPU
	EndGlobalSection
	GlobalSection(SolutionProperties) = preSolution
		HideSolutionNode = FALSE
	EndGlobalSection
	GlobalSection(ExtensibilityGlobals) = postSolution
		SolutionGuid = {2DB7F91E-2BB0-4830-9B60-B5F4E69662BA}
	EndGlobalSection
EndGlobal
